
Microsoft Visual Studio Solution File, Format Version 11.00
# Visual Studio 2010
Project("{8BC9CEB8-8B4A-11D0-8D11-00A0C91BC942}") = "RME", "Project\RME.vcxproj", "{7AA6C5AC-C8C4-40EF-A0B3-3569B9819163}"
EndProject
Project("{54435603-DBB4-11D2-8724-00A0C9A8B90C}") = "Installer", "Installer\Installer.vdproj", "{28614ED3-43F3-4F06-A02B-54AC806F3402}"
EndProject
Global
	GlobalSection(SolutionConfigurationPlatforms) = preSolution
		Beta Release|Win32 = Beta Release|Win32
		Debug|Win32 = Debug|Win32
		Release|Win32 = Release|Win32
	EndGlobalSection
	GlobalSection(ProjectConfigurationPlatforms) = postSolution
		{7AA6C5AC-C8C4-40EF-A0B3-3569B9819163}.Beta Release|Win32.ActiveCfg = Beta Release|Win32
		{7AA6C5AC-C8C4-40EF-A0B3-3569B9819163}.Beta Release|Win32.Build.0 = Beta Release|Win32
		{7AA6C5AC-C8C4-40EF-A0B3-3569B9819163}.Debug|Win32.ActiveCfg = Debug|Win32
		{7AA6C5AC-C8C4-40EF-A0B3-3569B9819163}.Debug|Win32.Build.0 = Debug|Win32
		{7AA6C5AC-C8C4-40EF-A0B3-3569B9819163}.Release|Win32.ActiveCfg = Release|Win32
		{7AA6C5AC-C8C4-40EF-A0B3-3569B9819163}.Release|Win32.Build.0 = Release|Win32
		{28614ED3-43F3-4F06-A02B-54AC806F3402}.Beta Release|Win32.ActiveCfg = Beta Release
		{28614ED3-43F3-4F06-A02B-54AC806F3402}.Beta Release|Win32.Build.0 = Beta Release
		{28614ED3-43F3-4F06-A02B-54AC806F3402}.Debug|Win32.ActiveCfg = Debug
		{28614ED3-43F3-4F06-A02B-54AC806F3402}.Debug|Win32.Build.0 = Debug
		{28614ED3-43F3-4F06-A02B-54AC806F3402}.Release|Win32.ActiveCfg = Release
		{28614ED3-43F3-4F06-A02B-54AC806F3402}.Release|Win32.Build.0 = Release
	EndGlobalSection
	GlobalSection(SolutionProperties) = preSolution
		HideSolutionNode = FALSE
	EndGlobalSection
EndGlobal
