// !$*UTF8*$!
{
	archiveVersion = 1;
	classes = {
	};
	objectVersion = 46;
	objects = {

/* Begin PBXBuildFile section */
		129E93F613A8A22500BCD3F8 /* Cocoa.framework in Frameworks */ = {isa = PBXBuildFile; fileRef = 129E93F513A8A22500BCD3F8 /* Cocoa.framework */; };
		129E940013A8A22500BCD3F8 /* InfoPlist.strings in Resources */ = {isa = PBXBuildFile; fileRef = 129E93FE13A8A22500BCD3F8 /* InfoPlist.strings */; };
		129E940613A8A22500BCD3F8 /* Credits.rtf in Resources */ = {isa = PBXBuildFile; fileRef = 129E940413A8A22500BCD3F8 /* Credits.rtf */; };
		129E94BF13A8A25900BCD3F8 /* json in Resources */ = {isa = PBXBuildFile; fileRef = 129E945813A8A25800BCD3F8 /* json */; };
		129E94C013A8A25900BCD3F8 /* main.cpp in Sources */ = {isa = PBXBuildFile; fileRef = 129E946913A8A25800BCD3F8 /* main.cpp */; };
		129E94C213A8A25900BCD3F8 /* mkpch.cpp in Sources */ = {isa = PBXBuildFile; fileRef = 129E947D13A8A25800BCD3F8 /* mkpch.cpp */; };
		129E94C313A8A25900BCD3F8 /* pngfiles.cpp in Sources */ = {isa = PBXBuildFile; fileRef = 129E949113A8A25800BCD3F8 /* pngfiles.cpp */; };
		129E94C413A8A25900BCD3F8 /* rme-install in Resources */ = {isa = PBXBuildFile; fileRef = 129E94A013A8A25800BCD3F8 /* rme-install */; };
		12DEC47C13C754E700E0B3FA /* AGL.framework in Frameworks */ = {isa = PBXBuildFile; fileRef = 12DEC47B13C754E700E0B3FA /* AGL.framework */; };
		12DEC47E13C754F400E0B3FA /* libxml2.dylib in Frameworks */ = {isa = PBXBuildFile; fileRef = 12DEC47D13C754F400E0B3FA /* libxml2.dylib */; };
/* End PBXBuildFile section */

/* Begin PBXFileReference section */
		129E93F113A8A22500BCD3F8 /* Remere's Map Editor.app */ = {isa = PBXFileReference; explicitFileType = wrapper.application; includeInIndex = 0; path = "Remere's Map Editor.app"; sourceTree = BUILT_PRODUCTS_DIR; };
		129E93F513A8A22500BCD3F8 /* Cocoa.framework */ = {isa = PBXFileReference; lastKnownFileType = wrapper.framework; name = Cocoa.framework; path = System/Library/Frameworks/Cocoa.framework; sourceTree = SDKROOT; };
		129E93F813A8A22500BCD3F8 /* AppKit.framework */ = {isa = PBXFileReference; lastKnownFileType = wrapper.framework; name = AppKit.framework; path = System/Library/Frameworks/AppKit.framework; sourceTree = SDKROOT; };
		129E93F913A8A22500BCD3F8 /* CoreData.framework */ = {isa = PBXFileReference; lastKnownFileType = wrapper.framework; name = CoreData.framework; path = System/Library/Frameworks/CoreData.framework; sourceTree = SDKROOT; };
		129E93FA13A8A22500BCD3F8 /* Foundation.framework */ = {isa = PBXFileReference; lastKnownFileType = wrapper.framework; name = Foundation.framework; path = System/Library/Frameworks/Foundation.framework; sourceTree = SDKROOT; };
		129E93FD13A8A22500BCD3F8 /* Remere's Map Editor-Info.plist */ = {isa = PBXFileReference; lastKnownFileType = text.plist.xml; path = "Remere's Map Editor-Info.plist"; sourceTree = "<group>"; };
		129E93FF13A8A22500BCD3F8 /* en */ = {isa = PBXFileReference; lastKnownFileType = text.plist.strings; name = en; path = en.lproj/InfoPlist.strings; sourceTree = "<group>"; };
		129E940113A8A22500BCD3F8 /* Remere's Map Editor-Prefix.pch */ = {isa = PBXFileReference; lastKnownFileType = sourcecode.c.h; path = "Remere's Map Editor-Prefix.pch"; sourceTree = "<group>"; };
		129E940513A8A22500BCD3F8 /* en */ = {isa = PBXFileReference; lastKnownFileType = text.rtf; name = en; path = en.lproj/Credits.rtf; sourceTree = "<group>"; };
		129E941213A8A25700BCD3F8 /* about_window.h */ = {isa = PBXFileReference; fileEncoding = 4; lastKnownFileType = sourcecode.c.h; name = about_window.h; path = ../../../source/about_window.h; sourceTree = "<group>"; };
		129E941313A8A25700BCD3F8 /* about_window.hpp */ = {isa = PBXFileReference; fileEncoding = 4; lastKnownFileType = sourcecode.cpp.h; name = about_window.hpp; path = ../../../source/about_window.hpp; sourceTree = "<group>"; };
		129E941413A8A25700BCD3F8 /* action.h */ = {isa = PBXFileReference; fileEncoding = 4; lastKnownFileType = sourcecode.c.h; name = action.h; path = ../../../source/action.h; sourceTree = "<group>"; };
		129E941513A8A25700BCD3F8 /* action.hpp */ = {isa = PBXFileReference; fileEncoding = 4; lastKnownFileType = sourcecode.cpp.h; name = action.hpp; path = ../../../source/action.hpp; sourceTree = "<group>"; };
		129E941613A8A25700BCD3F8 /* application.h */ = {isa = PBXFileReference; fileEncoding = 4; lastKnownFileType = sourcecode.c.h; name = application.h; path = ../../../source/application.h; sourceTree = "<group>"; };
		129E941713A8A25700BCD3F8 /* application.hpp */ = {isa = PBXFileReference; fileEncoding = 4; lastKnownFileType = sourcecode.cpp.h; name = application.hpp; path = ../../../source/application.hpp; sourceTree = "<group>"; };
		129E941813A8A25700BCD3F8 /* basemap.h */ = {isa = PBXFileReference; fileEncoding = 4; lastKnownFileType = sourcecode.c.h; name = basemap.h; path = ../../../source/basemap.h; sourceTree = "<group>"; };
		129E941913A8A25700BCD3F8 /* basemap.hpp */ = {isa = PBXFileReference; fileEncoding = 4; lastKnownFileType = sourcecode.cpp.h; name = basemap.hpp; path = ../../../source/basemap.hpp; sourceTree = "<group>"; };
		129E941A13A8A25700BCD3F8 /* brush_enums.h */ = {isa = PBXFileReference; fileEncoding = 4; lastKnownFileType = sourcecode.c.h; name = brush_enums.h; path = ../../../source/brush_enums.h; sourceTree = "<group>"; };
		129E941B13A8A25700BCD3F8 /* brush_tables.hpp */ = {isa = PBXFileReference; fileEncoding = 4; lastKnownFileType = sourcecode.cpp.h; name = brush_tables.hpp; path = ../../../source/brush_tables.hpp; sourceTree = "<group>"; };
		129E941C13A8A25700BCD3F8 /* brush.h */ = {isa = PBXFileReference; fileEncoding = 4; lastKnownFileType = sourcecode.c.h; name = brush.h; path = ../../../source/brush.h; sourceTree = "<group>"; };
		129E941D13A8A25700BCD3F8 /* brush.hpp */ = {isa = PBXFileReference; fileEncoding = 4; lastKnownFileType = sourcecode.cpp.h; name = brush.hpp; path = ../../../source/brush.hpp; sourceTree = "<group>"; };
		129E941E13A8A25700BCD3F8 /* carpet_brush.h */ = {isa = PBXFileReference; fileEncoding = 4; lastKnownFileType = sourcecode.c.h; name = carpet_brush.h; path = ../../../source/carpet_brush.h; sourceTree = "<group>"; };
		129E941F13A8A25700BCD3F8 /* carpet_brush.hpp */ = {isa = PBXFileReference; fileEncoding = 4; lastKnownFileType = sourcecode.cpp.h; name = carpet_brush.hpp; path = ../../../source/carpet_brush.hpp; sourceTree = "<group>"; };
		129E942013A8A25700BCD3F8 /* client_version.h */ = {isa = PBXFileReference; fileEncoding = 4; lastKnownFileType = sourcecode.c.h; name = client_version.h; path = ../../../source/client_version.h; sourceTree = "<group>"; };
		129E942113A8A25700BCD3F8 /* client_version.hpp */ = {isa = PBXFileReference; fileEncoding = 4; lastKnownFileType = sourcecode.cpp.h; name = client_version.hpp; path = ../../../source/client_version.hpp; sourceTree = "<group>"; };
		129E942213A8A25700BCD3F8 /* common_windows.h */ = {isa = PBXFileReference; fileEncoding = 4; lastKnownFileType = sourcecode.c.h; name = common_windows.h; path = ../../../source/common_windows.h; sourceTree = "<group>"; };
		129E942313A8A25700BCD3F8 /* common_windows.hpp */ = {isa = PBXFileReference; fileEncoding = 4; lastKnownFileType = sourcecode.cpp.h; name = common_windows.hpp; path = ../../../source/common_windows.hpp; sourceTree = "<group>"; };
		129E942413A8A25700BCD3F8 /* common.h */ = {isa = PBXFileReference; fileEncoding = 4; lastKnownFileType = sourcecode.c.h; name = common.h; path = ../../../source/common.h; sourceTree = "<group>"; };
		129E942513A8A25700BCD3F8 /* common.hpp */ = {isa = PBXFileReference; fileEncoding = 4; lastKnownFileType = sourcecode.cpp.h; name = common.hpp; path = ../../../source/common.hpp; sourceTree = "<group>"; };
		129E942613A8A25700BCD3F8 /* complexitem.h */ = {isa = PBXFileReference; fileEncoding = 4; lastKnownFileType = sourcecode.c.h; name = complexitem.h; path = ../../../source/complexitem.h; sourceTree = "<group>"; };
		129E942713A8A25700BCD3F8 /* complexitem.hpp */ = {isa = PBXFileReference; fileEncoding = 4; lastKnownFileType = sourcecode.cpp.h; name = complexitem.hpp; path = ../../../source/complexitem.hpp; sourceTree = "<group>"; };
		129E942813A8A25700BCD3F8 /* con_vector.h */ = {isa = PBXFileReference; fileEncoding = 4; lastKnownFileType = sourcecode.c.h; name = con_vector.h; path = ../../../source/con_vector.h; sourceTree = "<group>"; };
		129E942913A8A25700BCD3F8 /* copybuffer.h */ = {isa = PBXFileReference; fileEncoding = 4; lastKnownFileType = sourcecode.c.h; name = copybuffer.h; path = ../../../source/copybuffer.h; sourceTree = "<group>"; };
		129E942A13A8A25700BCD3F8 /* copybuffer.hpp */ = {isa = PBXFileReference; fileEncoding = 4; lastKnownFileType = sourcecode.cpp.h; name = copybuffer.hpp; path = ../../../source/copybuffer.hpp; sourceTree = "<group>"; };
		129E942B13A8A25700BCD3F8 /* creature_brush.h */ = {isa = PBXFileReference; fileEncoding = 4; lastKnownFileType = sourcecode.c.h; name = creature_brush.h; path = ../../../source/creature_brush.h; sourceTree = "<group>"; };
		129E942C13A8A25700BCD3F8 /* creature_brush.hpp */ = {isa = PBXFileReference; fileEncoding = 4; lastKnownFileType = sourcecode.cpp.h; name = creature_brush.hpp; path = ../../../source/creature_brush.hpp; sourceTree = "<group>"; };
		129E942D13A8A25700BCD3F8 /* creature.h */ = {isa = PBXFileReference; fileEncoding = 4; lastKnownFileType = sourcecode.c.h; name = creature.h; path = ../../../source/creature.h; sourceTree = "<group>"; };
		129E942E13A8A25700BCD3F8 /* creature.hpp */ = {isa = PBXFileReference; fileEncoding = 4; lastKnownFileType = sourcecode.cpp.h; name = creature.hpp; path = ../../../source/creature.hpp; sourceTree = "<group>"; };
		129E942F13A8A25700BCD3F8 /* creatures.h */ = {isa = PBXFileReference; fileEncoding = 4; lastKnownFileType = sourcecode.c.h; name = creatures.h; path = ../../../source/creatures.h; sourceTree = "<group>"; };
		129E943013A8A25700BCD3F8 /* creatures.hpp */ = {isa = PBXFileReference; fileEncoding = 4; lastKnownFileType = sourcecode.cpp.h; name = creatures.hpp; path = ../../../source/creatures.hpp; sourceTree = "<group>"; };
		129E943113A8A25700BCD3F8 /* dat_debug_view.h */ = {isa = PBXFileReference; fileEncoding = 4; lastKnownFileType = sourcecode.c.h; name = dat_debug_view.h; path = ../../../source/dat_debug_view.h; sourceTree = "<group>"; };
		129E943213A8A25700BCD3F8 /* dat_debug_view.hpp */ = {isa = PBXFileReference; fileEncoding = 4; lastKnownFileType = sourcecode.cpp.h; name = dat_debug_view.hpp; path = ../../../source/dat_debug_view.hpp; sourceTree = "<group>"; };
		129E943313A8A25700BCD3F8 /* dcbutton.h */ = {isa = PBXFileReference; fileEncoding = 4; lastKnownFileType = sourcecode.c.h; name = dcbutton.h; path = ../../../source/dcbutton.h; sourceTree = "<group>"; };
		129E943413A8A25700BCD3F8 /* dcbutton.hpp */ = {isa = PBXFileReference; fileEncoding = 4; lastKnownFileType = sourcecode.cpp.h; name = dcbutton.hpp; path = ../../../source/dcbutton.hpp; sourceTree = "<group>"; };
		129E943513A8A25700BCD3F8 /* definitions.h */ = {isa = PBXFileReference; fileEncoding = 4; lastKnownFileType = sourcecode.c.h; name = definitions.h; path = ../../../source/definitions.h; sourceTree = "<group>"; };
		129E943613A8A25700BCD3F8 /* doodad_brush.h */ = {isa = PBXFileReference; fileEncoding = 4; lastKnownFileType = sourcecode.c.h; name = doodad_brush.h; path = ../../../source/doodad_brush.h; sourceTree = "<group>"; };
		129E943713A8A25700BCD3F8 /* doodad_brush.hpp */ = {isa = PBXFileReference; fileEncoding = 4; lastKnownFileType = sourcecode.cpp.h; name = doodad_brush.hpp; path = ../../../source/doodad_brush.hpp; sourceTree = "<group>"; };
		129E943813A8A25700BCD3F8 /* editor_tabs.h */ = {isa = PBXFileReference; fileEncoding = 4; lastKnownFileType = sourcecode.c.h; name = editor_tabs.h; path = ../../../source/editor_tabs.h; sourceTree = "<group>"; };
		129E943913A8A25700BCD3F8 /* editor_tabs.hpp */ = {isa = PBXFileReference; fileEncoding = 4; lastKnownFileType = sourcecode.cpp.h; name = editor_tabs.hpp; path = ../../../source/editor_tabs.hpp; sourceTree = "<group>"; };
		129E943A13A8A25700BCD3F8 /* editor.h */ = {isa = PBXFileReference; fileEncoding = 4; lastKnownFileType = sourcecode.c.h; name = editor.h; path = ../../../source/editor.h; sourceTree = "<group>"; };
		129E943B13A8A25700BCD3F8 /* editor.hpp */ = {isa = PBXFileReference; fileEncoding = 4; lastKnownFileType = sourcecode.cpp.h; name = editor.hpp; path = ../../../source/editor.hpp; sourceTree = "<group>"; };
		129E943C13A8A25700BCD3F8 /* eraser_brush.hpp */ = {isa = PBXFileReference; fileEncoding = 4; lastKnownFileType = sourcecode.cpp.h; name = eraser_brush.hpp; path = ../../../source/eraser_brush.hpp; sourceTree = "<group>"; };
		129E943D13A8A25700BCD3F8 /* filehandle.h */ = {isa = PBXFileReference; fileEncoding = 4; lastKnownFileType = sourcecode.c.h; name = filehandle.h; path = ../../../source/filehandle.h; sourceTree = "<group>"; };
		129E943E13A8A25700BCD3F8 /* filehandle.hpp */ = {isa = PBXFileReference; fileEncoding = 4; lastKnownFileType = sourcecode.cpp.h; name = filehandle.hpp; path = ../../../source/filehandle.hpp; sourceTree = "<group>"; };
		129E943F13A8A25700BCD3F8 /* graphics.h */ = {isa = PBXFileReference; fileEncoding = 4; lastKnownFileType = sourcecode.c.h; name = graphics.h; path = ../../../source/graphics.h; sourceTree = "<group>"; };
		129E944013A8A25700BCD3F8 /* graphics.hpp */ = {isa = PBXFileReference; fileEncoding = 4; lastKnownFileType = sourcecode.cpp.h; name = graphics.hpp; path = ../../../source/graphics.hpp; sourceTree = "<group>"; };
		129E944113A8A25700BCD3F8 /* ground_brush.h */ = {isa = PBXFileReference; fileEncoding = 4; lastKnownFileType = sourcecode.c.h; name = ground_brush.h; path = ../../../source/ground_brush.h; sourceTree = "<group>"; };
		129E944213A8A25700BCD3F8 /* ground_brush.hpp */ = {isa = PBXFileReference; fileEncoding = 4; lastKnownFileType = sourcecode.cpp.h; name = ground_brush.hpp; path = ../../../source/ground_brush.hpp; sourceTree = "<group>"; };
		129E944313A8A25700BCD3F8 /* gui_ids.h */ = {isa = PBXFileReference; fileEncoding = 4; lastKnownFileType = sourcecode.c.h; name = gui_ids.h; path = ../../../source/gui_ids.h; sourceTree = "<group>"; };
		129E944413A8A25700BCD3F8 /* gui.h */ = {isa = PBXFileReference; fileEncoding = 4; lastKnownFileType = sourcecode.c.h; name = gui.h; path = ../../../source/gui.h; sourceTree = "<group>"; };
		129E944513A8A25700BCD3F8 /* gui.hpp */ = {isa = PBXFileReference; fileEncoding = 4; lastKnownFileType = sourcecode.cpp.h; name = gui.hpp; path = ../../../source/gui.hpp; sourceTree = "<group>"; };
		129E944613A8A25700BCD3F8 /* house_brush.h */ = {isa = PBXFileReference; fileEncoding = 4; lastKnownFileType = sourcecode.c.h; name = house_brush.h; path = ../../../source/house_brush.h; sourceTree = "<group>"; };
		129E944713A8A25700BCD3F8 /* house_brush.hpp */ = {isa = PBXFileReference; fileEncoding = 4; lastKnownFileType = sourcecode.cpp.h; name = house_brush.hpp; path = ../../../source/house_brush.hpp; sourceTree = "<group>"; };
		129E944813A8A25700BCD3F8 /* house_exit_brush.h */ = {isa = PBXFileReference; fileEncoding = 4; lastKnownFileType = sourcecode.c.h; name = house_exit_brush.h; path = ../../../source/house_exit_brush.h; sourceTree = "<group>"; };
		129E944913A8A25700BCD3F8 /* house_exit_brush.hpp */ = {isa = PBXFileReference; fileEncoding = 4; lastKnownFileType = sourcecode.cpp.h; name = house_exit_brush.hpp; path = ../../../source/house_exit_brush.hpp; sourceTree = "<group>"; };
		129E944A13A8A25700BCD3F8 /* house.h */ = {isa = PBXFileReference; fileEncoding = 4; lastKnownFileType = sourcecode.c.h; name = house.h; path = ../../../source/house.h; sourceTree = "<group>"; };
		129E944B13A8A25700BCD3F8 /* house.hpp */ = {isa = PBXFileReference; fileEncoding = 4; lastKnownFileType = sourcecode.cpp.h; name = house.hpp; path = ../../../source/house.hpp; sourceTree = "<group>"; };
		129E944C13A8A25700BCD3F8 /* iomap_otbm.h */ = {isa = PBXFileReference; fileEncoding = 4; lastKnownFileType = sourcecode.c.h; name = iomap_otbm.h; path = ../../../source/iomap_otbm.h; sourceTree = "<group>"; };
		129E944D13A8A25800BCD3F8 /* iomap_otbm.hpp */ = {isa = PBXFileReference; fileEncoding = 4; lastKnownFileType = sourcecode.cpp.h; name = iomap_otbm.hpp; path = ../../../source/iomap_otbm.hpp; sourceTree = "<group>"; };
		129E944E13A8A25800BCD3F8 /* iomap_otmm.h */ = {isa = PBXFileReference; fileEncoding = 4; lastKnownFileType = sourcecode.c.h; name = iomap_otmm.h; path = ../../../source/iomap_otmm.h; sourceTree = "<group>"; };
		129E944F13A8A25800BCD3F8 /* iomap_otmm.hpp */ = {isa = PBXFileReference; fileEncoding = 4; lastKnownFileType = sourcecode.cpp.h; name = iomap_otmm.hpp; path = ../../../source/iomap_otmm.hpp; sourceTree = "<group>"; };
		129E945013A8A25800BCD3F8 /* iomap.h */ = {isa = PBXFileReference; fileEncoding = 4; lastKnownFileType = sourcecode.c.h; name = iomap.h; path = ../../../source/iomap.h; sourceTree = "<group>"; };
		129E945113A8A25800BCD3F8 /* iomap.hpp */ = {isa = PBXFileReference; fileEncoding = 4; lastKnownFileType = sourcecode.cpp.h; name = iomap.hpp; path = ../../../source/iomap.hpp; sourceTree = "<group>"; };
		129E945213A8A25800BCD3F8 /* item_attributes.h */ = {isa = PBXFileReference; fileEncoding = 4; lastKnownFileType = sourcecode.c.h; name = item_attributes.h; path = ../../../source/item_attributes.h; sourceTree = "<group>"; };
		129E945313A8A25800BCD3F8 /* item_attributes.hpp */ = {isa = PBXFileReference; fileEncoding = 4; lastKnownFileType = sourcecode.cpp.h; name = item_attributes.hpp; path = ../../../source/item_attributes.hpp; sourceTree = "<group>"; };
		129E945413A8A25800BCD3F8 /* item.h */ = {isa = PBXFileReference; fileEncoding = 4; lastKnownFileType = sourcecode.c.h; name = item.h; path = ../../../source/item.h; sourceTree = "<group>"; };
		129E945513A8A25800BCD3F8 /* item.hpp */ = {isa = PBXFileReference; fileEncoding = 4; lastKnownFileType = sourcecode.cpp.h; name = item.hpp; path = ../../../source/item.hpp; sourceTree = "<group>"; };
		129E945613A8A25800BCD3F8 /* items.h */ = {isa = PBXFileReference; fileEncoding = 4; lastKnownFileType = sourcecode.c.h; name = items.h; path = ../../../source/items.h; sourceTree = "<group>"; };
		129E945713A8A25800BCD3F8 /* items.hpp */ = {isa = PBXFileReference; fileEncoding = 4; lastKnownFileType = sourcecode.cpp.h; name = items.hpp; path = ../../../source/items.hpp; sourceTree = "<group>"; };
		129E945813A8A25800BCD3F8 /* json */ = {isa = PBXFileReference; lastKnownFileType = folder; name = json; path = ../../../source/json; sourceTree = "<group>"; };
		129E945913A8A25800BCD3F8 /* json.h */ = {isa = PBXFileReference; fileEncoding = 4; lastKnownFileType = sourcecode.c.h; name = json.h; path = ../../../source/json.h; sourceTree = "<group>"; };
		129E945A13A8A25800BCD3F8 /* live_action.h */ = {isa = PBXFileReference; fileEncoding = 4; lastKnownFileType = sourcecode.c.h; name = live_action.h; path = ../../../source/live_action.h; sourceTree = "<group>"; };
		129E945B13A8A25800BCD3F8 /* live_action.hpp */ = {isa = PBXFileReference; fileEncoding = 4; lastKnownFileType = sourcecode.cpp.h; name = live_action.hpp; path = ../../../source/live_action.hpp; sourceTree = "<group>"; };
		129E945C13A8A25800BCD3F8 /* live_client.h */ = {isa = PBXFileReference; fileEncoding = 4; lastKnownFileType = sourcecode.c.h; name = live_client.h; path = ../../../source/live_client.h; sourceTree = "<group>"; };
		129E945D13A8A25800BCD3F8 /* live_client.hpp */ = {isa = PBXFileReference; fileEncoding = 4; lastKnownFileType = sourcecode.cpp.h; name = live_client.hpp; path = ../../../source/live_client.hpp; sourceTree = "<group>"; };
		129E945E13A8A25800BCD3F8 /* live_packets.h */ = {isa = PBXFileReference; fileEncoding = 4; lastKnownFileType = sourcecode.c.h; name = live_packets.h; path = ../../../source/live_packets.h; sourceTree = "<group>"; };
		129E945F13A8A25800BCD3F8 /* live_peer.h */ = {isa = PBXFileReference; fileEncoding = 4; lastKnownFileType = sourcecode.c.h; name = live_peer.h; path = ../../../source/live_peer.h; sourceTree = "<group>"; };
		129E946013A8A25800BCD3F8 /* live_peer.hpp */ = {isa = PBXFileReference; fileEncoding = 4; lastKnownFileType = sourcecode.cpp.h; name = live_peer.hpp; path = ../../../source/live_peer.hpp; sourceTree = "<group>"; };
		129E946113A8A25800BCD3F8 /* live_server.h */ = {isa = PBXFileReference; fileEncoding = 4; lastKnownFileType = sourcecode.c.h; name = live_server.h; path = ../../../source/live_server.h; sourceTree = "<group>"; };
		129E946213A8A25800BCD3F8 /* live_server.hpp */ = {isa = PBXFileReference; fileEncoding = 4; lastKnownFileType = sourcecode.cpp.h; name = live_server.hpp; path = ../../../source/live_server.hpp; sourceTree = "<group>"; };
		129E946313A8A25800BCD3F8 /* live_socket.h */ = {isa = PBXFileReference; fileEncoding = 4; lastKnownFileType = sourcecode.c.h; name = live_socket.h; path = ../../../source/live_socket.h; sourceTree = "<group>"; };
		129E946413A8A25800BCD3F8 /* live_socket.hpp */ = {isa = PBXFileReference; fileEncoding = 4; lastKnownFileType = sourcecode.cpp.h; name = live_socket.hpp; path = ../../../source/live_socket.hpp; sourceTree = "<group>"; };
		129E946513A8A25800BCD3F8 /* live_tab.h */ = {isa = PBXFileReference; fileEncoding = 4; lastKnownFileType = sourcecode.c.h; name = live_tab.h; path = ../../../source/live_tab.h; sourceTree = "<group>"; };
		129E946613A8A25800BCD3F8 /* live_tab.hpp */ = {isa = PBXFileReference; fileEncoding = 4; lastKnownFileType = sourcecode.cpp.h; name = live_tab.hpp; path = ../../../source/live_tab.hpp; sourceTree = "<group>"; };
		129E946713A8A25800BCD3F8 /* main_menubar.h */ = {isa = PBXFileReference; fileEncoding = 4; lastKnownFileType = sourcecode.c.h; name = main_menubar.h; path = ../../../source/main_menubar.h; sourceTree = "<group>"; };
		129E946813A8A25800BCD3F8 /* main_menubar.hpp */ = {isa = PBXFileReference; fileEncoding = 4; lastKnownFileType = sourcecode.cpp.h; name = main_menubar.hpp; path = ../../../source/main_menubar.hpp; sourceTree = "<group>"; };
		129E946913A8A25800BCD3F8 /* main.cpp */ = {isa = PBXFileReference; fileEncoding = 4; lastKnownFileType = sourcecode.cpp.cpp; name = main.cpp; path = ../../../source/main.cpp; sourceTree = "<group>"; };
		129E946A13A8A25800BCD3F8 /* main.h */ = {isa = PBXFileReference; fileEncoding = 4; lastKnownFileType = sourcecode.c.h; name = main.h; path = ../../../source/main.h; sourceTree = "<group>"; };
		129E946C13A8A25800BCD3F8 /* map_allocator.h */ = {isa = PBXFileReference; fileEncoding = 4; lastKnownFileType = sourcecode.c.h; name = map_allocator.h; path = ../../../source/map_allocator.h; sourceTree = "<group>"; };
		129E946D13A8A25800BCD3F8 /* map_display.h */ = {isa = PBXFileReference; fileEncoding = 4; lastKnownFileType = sourcecode.c.h; name = map_display.h; path = ../../../source/map_display.h; sourceTree = "<group>"; };
		129E946E13A8A25800BCD3F8 /* map_display.hpp */ = {isa = PBXFileReference; fileEncoding = 4; lastKnownFileType = sourcecode.cpp.h; name = map_display.hpp; path = ../../../source/map_display.hpp; sourceTree = "<group>"; };
		129E946F13A8A25800BCD3F8 /* map_drawer.h */ = {isa = PBXFileReference; fileEncoding = 4; lastKnownFileType = sourcecode.c.h; name = map_drawer.h; path = ../../../source/map_drawer.h; sourceTree = "<group>"; };
		129E947013A8A25800BCD3F8 /* map_drawer.hpp */ = {isa = PBXFileReference; fileEncoding = 4; lastKnownFileType = sourcecode.cpp.h; name = map_drawer.hpp; path = ../../../source/map_drawer.hpp; sourceTree = "<group>"; };
		129E947113A8A25800BCD3F8 /* map_region.h */ = {isa = PBXFileReference; fileEncoding = 4; lastKnownFileType = sourcecode.c.h; name = map_region.h; path = ../../../source/map_region.h; sourceTree = "<group>"; };
		129E947213A8A25800BCD3F8 /* map_region.hpp */ = {isa = PBXFileReference; fileEncoding = 4; lastKnownFileType = sourcecode.cpp.h; name = map_region.hpp; path = ../../../source/map_region.hpp; sourceTree = "<group>"; };
		129E947313A8A25800BCD3F8 /* map_tab.h */ = {isa = PBXFileReference; fileEncoding = 4; lastKnownFileType = sourcecode.c.h; name = map_tab.h; path = ../../../source/map_tab.h; sourceTree = "<group>"; };
		129E947413A8A25800BCD3F8 /* map_tab.hpp */ = {isa = PBXFileReference; fileEncoding = 4; lastKnownFileType = sourcecode.cpp.h; name = map_tab.hpp; path = ../../../source/map_tab.hpp; sourceTree = "<group>"; };
		129E947513A8A25800BCD3F8 /* map_window.h */ = {isa = PBXFileReference; fileEncoding = 4; lastKnownFileType = sourcecode.c.h; name = map_window.h; path = ../../../source/map_window.h; sourceTree = "<group>"; };
		129E947613A8A25800BCD3F8 /* map_window.hpp */ = {isa = PBXFileReference; fileEncoding = 4; lastKnownFileType = sourcecode.cpp.h; name = map_window.hpp; path = ../../../source/map_window.hpp; sourceTree = "<group>"; };
		129E947713A8A25800BCD3F8 /* map.h */ = {isa = PBXFileReference; fileEncoding = 4; lastKnownFileType = sourcecode.c.h; name = map.h; path = ../../../source/map.h; sourceTree = "<group>"; };
		129E947813A8A25800BCD3F8 /* map.hpp */ = {isa = PBXFileReference; fileEncoding = 4; lastKnownFileType = sourcecode.cpp.h; name = map.hpp; path = ../../../source/map.hpp; sourceTree = "<group>"; };
		129E947913A8A25800BCD3F8 /* materials.h */ = {isa = PBXFileReference; fileEncoding = 4; lastKnownFileType = sourcecode.c.h; name = materials.h; path = ../../../source/materials.h; sourceTree = "<group>"; };
		129E947A13A8A25800BCD3F8 /* materials.hpp */ = {isa = PBXFileReference; fileEncoding = 4; lastKnownFileType = sourcecode.cpp.h; name = materials.hpp; path = ../../../source/materials.hpp; sourceTree = "<group>"; };
		129E947B13A8A25800BCD3F8 /* minimap_window.h */ = {isa = PBXFileReference; fileEncoding = 4; lastKnownFileType = sourcecode.c.h; name = minimap_window.h; path = ../../../source/minimap_window.h; sourceTree = "<group>"; };
		129E947C13A8A25800BCD3F8 /* minimap_window.hpp */ = {isa = PBXFileReference; fileEncoding = 4; lastKnownFileType = sourcecode.cpp.h; name = minimap_window.hpp; path = ../../../source/minimap_window.hpp; sourceTree = "<group>"; };
		129E947D13A8A25800BCD3F8 /* mkpch.cpp */ = {isa = PBXFileReference; fileEncoding = 4; lastKnownFileType = sourcecode.cpp.cpp; name = mkpch.cpp; path = ../../../source/mkpch.cpp; sourceTree = "<group>"; };
		129E947E13A8A25800BCD3F8 /* mt_rand.h */ = {isa = PBXFileReference; fileEncoding = 4; lastKnownFileType = sourcecode.c.h; name = mt_rand.h; path = ../../../source/mt_rand.h; sourceTree = "<group>"; };
		129E947F13A8A25800BCD3F8 /* mt_rand.hpp */ = {isa = PBXFileReference; fileEncoding = 4; lastKnownFileType = sourcecode.cpp.h; name = mt_rand.hpp; path = ../../../source/mt_rand.hpp; sourceTree = "<group>"; };
		129E948013A8A25800BCD3F8 /* net_connection.h */ = {isa = PBXFileReference; fileEncoding = 4; lastKnownFileType = sourcecode.c.h; name = net_connection.h; path = ../../../source/net_connection.h; sourceTree = "<group>"; };
		129E948113A8A25800BCD3F8 /* net_connection.hpp */ = {isa = PBXFileReference; fileEncoding = 4; lastKnownFileType = sourcecode.cpp.h; name = net_connection.hpp; path = ../../../source/net_connection.hpp; sourceTree = "<group>"; };
		129E948213A8A25800BCD3F8 /* numbertextctrl.h */ = {isa = PBXFileReference; fileEncoding = 4; lastKnownFileType = sourcecode.c.h; name = numbertextctrl.h; path = ../../../source/numbertextctrl.h; sourceTree = "<group>"; };
		129E948313A8A25800BCD3F8 /* numbertextctrl.hpp */ = {isa = PBXFileReference; fileEncoding = 4; lastKnownFileType = sourcecode.cpp.h; name = numbertextctrl.hpp; path = ../../../source/numbertextctrl.hpp; sourceTree = "<group>"; };
		129E948413A8A25800BCD3F8 /* outfit.h */ = {isa = PBXFileReference; fileEncoding = 4; lastKnownFileType = sourcecode.c.h; name = outfit.h; path = ../../../source/outfit.h; sourceTree = "<group>"; };
		129E948513A8A25800BCD3F8 /* palette_brushlist.h */ = {isa = PBXFileReference; fileEncoding = 4; lastKnownFileType = sourcecode.c.h; name = palette_brushlist.h; path = ../../../source/palette_brushlist.h; sourceTree = "<group>"; };
		129E948613A8A25800BCD3F8 /* palette_brushlist.hpp */ = {isa = PBXFileReference; fileEncoding = 4; lastKnownFileType = sourcecode.cpp.h; name = palette_brushlist.hpp; path = ../../../source/palette_brushlist.hpp; sourceTree = "<group>"; };
		129E948713A8A25800BCD3F8 /* palette_common.h */ = {isa = PBXFileReference; fileEncoding = 4; lastKnownFileType = sourcecode.c.h; name = palette_common.h; path = ../../../source/palette_common.h; sourceTree = "<group>"; };
		129E948813A8A25800BCD3F8 /* palette_common.hpp */ = {isa = PBXFileReference; fileEncoding = 4; lastKnownFileType = sourcecode.cpp.h; name = palette_common.hpp; path = ../../../source/palette_common.hpp; sourceTree = "<group>"; };
		129E948913A8A25800BCD3F8 /* palette_creature.h */ = {isa = PBXFileReference; fileEncoding = 4; lastKnownFileType = sourcecode.c.h; name = palette_creature.h; path = ../../../source/palette_creature.h; sourceTree = "<group>"; };
		129E948A13A8A25800BCD3F8 /* palette_creature.hpp */ = {isa = PBXFileReference; fileEncoding = 4; lastKnownFileType = sourcecode.cpp.h; name = palette_creature.hpp; path = ../../../source/palette_creature.hpp; sourceTree = "<group>"; };
		129E948B13A8A25800BCD3F8 /* palette_house.h */ = {isa = PBXFileReference; fileEncoding = 4; lastKnownFileType = sourcecode.c.h; name = palette_house.h; path = ../../../source/palette_house.h; sourceTree = "<group>"; };
		129E948C13A8A25800BCD3F8 /* palette_house.hpp */ = {isa = PBXFileReference; fileEncoding = 4; lastKnownFileType = sourcecode.cpp.h; name = palette_house.hpp; path = ../../../source/palette_house.hpp; sourceTree = "<group>"; };
		129E948D13A8A25800BCD3F8 /* palette_waypoints.h */ = {isa = PBXFileReference; fileEncoding = 4; lastKnownFileType = sourcecode.c.h; name = palette_waypoints.h; path = ../../../source/palette_waypoints.h; sourceTree = "<group>"; };
		129E948E13A8A25800BCD3F8 /* palette_waypoints.hpp */ = {isa = PBXFileReference; fileEncoding = 4; lastKnownFileType = sourcecode.cpp.h; name = palette_waypoints.hpp; path = ../../../source/palette_waypoints.hpp; sourceTree = "<group>"; };
		129E948F13A8A25800BCD3F8 /* palette_window.h */ = {isa = PBXFileReference; fileEncoding = 4; lastKnownFileType = sourcecode.c.h; name = palette_window.h; path = ../../../source/palette_window.h; sourceTree = "<group>"; };
		129E949013A8A25800BCD3F8 /* palette_window.hpp */ = {isa = PBXFileReference; fileEncoding = 4; lastKnownFileType = sourcecode.cpp.h; name = palette_window.hpp; path = ../../../source/palette_window.hpp; sourceTree = "<group>"; };
		129E949113A8A25800BCD3F8 /* pngfiles.cpp */ = {isa = PBXFileReference; fileEncoding = 4; lastKnownFileType = sourcecode.cpp.cpp; name = pngfiles.cpp; path = ../../../source/pngfiles.cpp; sourceTree = "<group>"; };
		129E949213A8A25800BCD3F8 /* pngfiles.h */ = {isa = PBXFileReference; fileEncoding = 4; lastKnownFileType = sourcecode.c.h; name = pngfiles.h; path = ../../../source/pngfiles.h; sourceTree = "<group>"; };
		129E949313A8A25800BCD3F8 /* position.h */ = {isa = PBXFileReference; fileEncoding = 4; lastKnownFileType = sourcecode.c.h; name = position.h; path = ../../../source/position.h; sourceTree = "<group>"; };
		129E949413A8A25800BCD3F8 /* preferences.h */ = {isa = PBXFileReference; fileEncoding = 4; lastKnownFileType = sourcecode.c.h; name = preferences.h; path = ../../../source/preferences.h; sourceTree = "<group>"; };
		129E949513A8A25800BCD3F8 /* preferences.hpp */ = {isa = PBXFileReference; fileEncoding = 4; lastKnownFileType = sourcecode.cpp.h; name = preferences.hpp; path = ../../../source/preferences.hpp; sourceTree = "<group>"; };
		129E949613A8A25800BCD3F8 /* process_com.h */ = {isa = PBXFileReference; fileEncoding = 4; lastKnownFileType = sourcecode.c.h; name = process_com.h; path = ../../../source/process_com.h; sourceTree = "<group>"; };
		129E949713A8A25800BCD3F8 /* process_com.hpp */ = {isa = PBXFileReference; fileEncoding = 4; lastKnownFileType = sourcecode.cpp.h; name = process_com.hpp; path = ../../../source/process_com.hpp; sourceTree = "<group>"; };
		129E949813A8A25800BCD3F8 /* properties_window.h */ = {isa = PBXFileReference; fileEncoding = 4; lastKnownFileType = sourcecode.c.h; name = properties_window.h; path = ../../../source/properties_window.h; sourceTree = "<group>"; };
		129E949913A8A25800BCD3F8 /* properties_window.hpp */ = {isa = PBXFileReference; fileEncoding = 4; lastKnownFileType = sourcecode.cpp.h; name = properties_window.hpp; path = ../../../source/properties_window.hpp; sourceTree = "<group>"; };
		129E949A13A8A25800BCD3F8 /* raw_brush.h */ = {isa = PBXFileReference; fileEncoding = 4; lastKnownFileType = sourcecode.c.h; name = raw_brush.h; path = ../../../source/raw_brush.h; sourceTree = "<group>"; };
		129E949B13A8A25800BCD3F8 /* raw_brush.hpp */ = {isa = PBXFileReference; fileEncoding = 4; lastKnownFileType = sourcecode.cpp.h; name = raw_brush.hpp; path = ../../../source/raw_brush.hpp; sourceTree = "<group>"; };
		129E949C13A8A25800BCD3F8 /* result_window.h */ = {isa = PBXFileReference; fileEncoding = 4; lastKnownFileType = sourcecode.c.h; name = result_window.h; path = ../../../source/result_window.h; sourceTree = "<group>"; };
		129E949D13A8A25800BCD3F8 /* result_window.hpp */ = {isa = PBXFileReference; fileEncoding = 4; lastKnownFileType = sourcecode.cpp.h; name = result_window.hpp; path = ../../../source/result_window.hpp; sourceTree = "<group>"; };
		129E949E13A8A25800BCD3F8 /* rme_net.h */ = {isa = PBXFileReference; fileEncoding = 4; lastKnownFileType = sourcecode.c.h; name = rme_net.h; path = ../../../source/rme_net.h; sourceTree = "<group>"; };
		129E949F13A8A25800BCD3F8 /* rme_net.hpp */ = {isa = PBXFileReference; fileEncoding = 4; lastKnownFileType = sourcecode.cpp.h; name = rme_net.hpp; path = ../../../source/rme_net.hpp; sourceTree = "<group>"; };
		129E94A013A8A25800BCD3F8 /* rme-install */ = {isa = PBXFileReference; fileEncoding = 4; lastKnownFileType = text.script.sh; name = "rme-install"; path = "../../../source/rme-install"; sourceTree = "<group>"; };
		129E94A113A8A25800BCD3F8 /* selection.h */ = {isa = PBXFileReference; fileEncoding = 4; lastKnownFileType = sourcecode.c.h; name = selection.h; path = ../../../source/selection.h; sourceTree = "<group>"; };
		129E94A213A8A25800BCD3F8 /* selection.hpp */ = {isa = PBXFileReference; fileEncoding = 4; lastKnownFileType = sourcecode.cpp.h; name = selection.hpp; path = ../../../source/selection.hpp; sourceTree = "<group>"; };
		129E94A313A8A25800BCD3F8 /* settings.h */ = {isa = PBXFileReference; fileEncoding = 4; lastKnownFileType = sourcecode.c.h; name = settings.h; path = ../../../source/settings.h; sourceTree = "<group>"; };
		129E94A413A8A25800BCD3F8 /* settings.hpp */ = {isa = PBXFileReference; fileEncoding = 4; lastKnownFileType = sourcecode.cpp.h; name = settings.hpp; path = ../../../source/settings.hpp; sourceTree = "<group>"; };
		129E94A513A8A25800BCD3F8 /* spawn_brush.h */ = {isa = PBXFileReference; fileEncoding = 4; lastKnownFileType = sourcecode.c.h; name = spawn_brush.h; path = ../../../source/spawn_brush.h; sourceTree = "<group>"; };
		129E94A613A8A25800BCD3F8 /* spawn_brush.hpp */ = {isa = PBXFileReference; fileEncoding = 4; lastKnownFileType = sourcecode.cpp.h; name = spawn_brush.hpp; path = ../../../source/spawn_brush.hpp; sourceTree = "<group>"; };
		129E94A713A8A25800BCD3F8 /* spawn.h */ = {isa = PBXFileReference; fileEncoding = 4; lastKnownFileType = sourcecode.c.h; name = spawn.h; path = ../../../source/spawn.h; sourceTree = "<group>"; };
		129E94A813A8A25800BCD3F8 /* spawn.hpp */ = {isa = PBXFileReference; fileEncoding = 4; lastKnownFileType = sourcecode.cpp.h; name = spawn.hpp; path = ../../../source/spawn.hpp; sourceTree = "<group>"; };
		129E94A913A8A25800BCD3F8 /* sprites.h */ = {isa = PBXFileReference; fileEncoding = 4; lastKnownFileType = sourcecode.c.h; name = sprites.h; path = ../../../source/sprites.h; sourceTree = "<group>"; };
		129E94AA13A8A25800BCD3F8 /* table_brush.h */ = {isa = PBXFileReference; fileEncoding = 4; lastKnownFileType = sourcecode.c.h; name = table_brush.h; path = ../../../source/table_brush.h; sourceTree = "<group>"; };
		129E94AB13A8A25800BCD3F8 /* table_brush.hpp */ = {isa = PBXFileReference; fileEncoding = 4; lastKnownFileType = sourcecode.cpp.h; name = table_brush.hpp; path = ../../../source/table_brush.hpp; sourceTree = "<group>"; };
		129E94AC13A8A25800BCD3F8 /* templatemap76-74.hpp */ = {isa = PBXFileReference; fileEncoding = 4; lastKnownFileType = sourcecode.cpp.h; name = "templatemap76-74.hpp"; path = "../../../source/templatemap76-74.hpp"; sourceTree = "<group>"; };
		129E94AD13A8A25800BCD3F8 /* templatemap81.hpp */ = {isa = PBXFileReference; fileEncoding = 4; lastKnownFileType = sourcecode.cpp.h; name = templatemap81.hpp; path = ../../../source/templatemap81.hpp; sourceTree = "<group>"; };
		129E94AE13A8A25800BCD3F8 /* templatemap854.hpp */ = {isa = PBXFileReference; fileEncoding = 4; lastKnownFileType = sourcecode.cpp.h; name = templatemap854.hpp; path = ../../../source/templatemap854.hpp; sourceTree = "<group>"; };
		129E94AF13A8A25800BCD3F8 /* templates.h */ = {isa = PBXFileReference; fileEncoding = 4; lastKnownFileType = sourcecode.c.h; name = templates.h; path = ../../../source/templates.h; sourceTree = "<group>"; };
		129E94B013A8A25800BCD3F8 /* threads.h */ = {isa = PBXFileReference; fileEncoding = 4; lastKnownFileType = sourcecode.c.h; name = threads.h; path = ../../../source/threads.h; sourceTree = "<group>"; };
		129E94B113A8A25800BCD3F8 /* tile.h */ = {isa = PBXFileReference; fileEncoding = 4; lastKnownFileType = sourcecode.c.h; name = tile.h; path = ../../../source/tile.h; sourceTree = "<group>"; };
		129E94B213A8A25800BCD3F8 /* tile.hpp */ = {isa = PBXFileReference; fileEncoding = 4; lastKnownFileType = sourcecode.cpp.h; name = tile.hpp; path = ../../../source/tile.hpp; sourceTree = "<group>"; };
		129E94B313A8A25800BCD3F8 /* tileset.h */ = {isa = PBXFileReference; fileEncoding = 4; lastKnownFileType = sourcecode.c.h; name = tileset.h; path = ../../../source/tileset.h; sourceTree = "<group>"; };
		129E94B413A8A25800BCD3F8 /* tileset.hpp */ = {isa = PBXFileReference; fileEncoding = 4; lastKnownFileType = sourcecode.cpp.h; name = tileset.hpp; path = ../../../source/tileset.hpp; sourceTree = "<group>"; };
		129E94B513A8A25800BCD3F8 /* town.h */ = {isa = PBXFileReference; fileEncoding = 4; lastKnownFileType = sourcecode.c.h; name = town.h; path = ../../../source/town.h; sourceTree = "<group>"; };
		129E94B613A8A25800BCD3F8 /* town.hpp */ = {isa = PBXFileReference; fileEncoding = 4; lastKnownFileType = sourcecode.cpp.h; name = town.hpp; path = ../../../source/town.hpp; sourceTree = "<group>"; };
		129E94B713A8A25800BCD3F8 /* updater.h */ = {isa = PBXFileReference; fileEncoding = 4; lastKnownFileType = sourcecode.c.h; name = updater.h; path = ../../../source/updater.h; sourceTree = "<group>"; };
		129E94B813A8A25800BCD3F8 /* updater.hpp */ = {isa = PBXFileReference; fileEncoding = 4; lastKnownFileType = sourcecode.cpp.h; name = updater.hpp; path = ../../../source/updater.hpp; sourceTree = "<group>"; };
		129E94B913A8A25800BCD3F8 /* wall_brush.h */ = {isa = PBXFileReference; fileEncoding = 4; lastKnownFileType = sourcecode.c.h; name = wall_brush.h; path = ../../../source/wall_brush.h; sourceTree = "<group>"; };
		129E94BA13A8A25800BCD3F8 /* wall_brush.hpp */ = {isa = PBXFileReference; fileEncoding = 4; lastKnownFileType = sourcecode.cpp.h; name = wall_brush.hpp; path = ../../../source/wall_brush.hpp; sourceTree = "<group>"; };
		129E94BB13A8A25800BCD3F8 /* waypoint_brush.h */ = {isa = PBXFileReference; fileEncoding = 4; lastKnownFileType = sourcecode.c.h; name = waypoint_brush.h; path = ../../../source/waypoint_brush.h; sourceTree = "<group>"; };
		129E94BC13A8A25800BCD3F8 /* waypoint_brush.hpp */ = {isa = PBXFileReference; fileEncoding = 4; lastKnownFileType = sourcecode.cpp.h; name = waypoint_brush.hpp; path = ../../../source/waypoint_brush.hpp; sourceTree = "<group>"; };
		129E94BD13A8A25800BCD3F8 /* waypoints.h */ = {isa = PBXFileReference; fileEncoding = 4; lastKnownFileType = sourcecode.c.h; name = waypoints.h; path = ../../../source/waypoints.h; sourceTree = "<group>"; };
		129E94BE13A8A25800BCD3F8 /* waypoints.hpp */ = {isa = PBXFileReference; fileEncoding = 4; lastKnownFileType = sourcecode.cpp.h; name = waypoints.hpp; path = ../../../source/waypoints.hpp; sourceTree = "<group>"; };
		12DEC47B13C754E700E0B3FA /* AGL.framework */ = {isa = PBXFileReference; lastKnownFileType = wrapper.framework; name = AGL.framework; path = System/Library/Frameworks/AGL.framework; sourceTree = SDKROOT; };
		12DEC47D13C754F400E0B3FA /* libxml2.dylib */ = {isa = PBXFileReference; lastKnownFileType = "compiled.mach-o.dylib"; name = libxml2.dylib; path = usr/lib/libxml2.dylib; sourceTree = SDKROOT; };
/* End PBXFileReference section */

/* Begin PBXFrameworksBuildPhase section */
		129E93EE13A8A22500BCD3F8 /* Frameworks */ = {
			isa = PBXFrameworksBuildPhase;
			buildActionMask = 2147483647;
			files = (
				12DEC47E13C754F400E0B3FA /* libxml2.dylib in Frameworks */,
				12DEC47C13C754E700E0B3FA /* AGL.framework in Frameworks */,
				129E93F613A8A22500BCD3F8 /* Cocoa.framework in Frameworks */,
			);
			runOnlyForDeploymentPostprocessing = 0;
		};
/* End PBXFrameworksBuildPhase section */

/* Begin PBXGroup section */
		1211391313C7453100C7C9F1 /* item */ = {
			isa = PBXGroup;
			children = (
				129E945413A8A25800BCD3F8 /* item.h */,
				129E945513A8A25800BCD3F8 /* item.hpp */,
				129E945613A8A25800BCD3F8 /* items.h */,
				129E945713A8A25800BCD3F8 /* items.hpp */,
				129E942613A8A25700BCD3F8 /* complexitem.h */,
				129E942713A8A25700BCD3F8 /* complexitem.hpp */,
				129E945213A8A25800BCD3F8 /* item_attributes.h */,
				129E945313A8A25800BCD3F8 /* item_attributes.hpp */,
			);
			name = item;
			sourceTree = "<group>";
		};
		1211391413C7455A00C7C9F1 /* creatures */ = {
			isa = PBXGroup;
			children = (
				129E948413A8A25800BCD3F8 /* outfit.h */,
				129E94A713A8A25800BCD3F8 /* spawn.h */,
				129E94A813A8A25800BCD3F8 /* spawn.hpp */,
				129E942D13A8A25700BCD3F8 /* creature.h */,
				129E942E13A8A25700BCD3F8 /* creature.hpp */,
				129E942F13A8A25700BCD3F8 /* creatures.h */,
				129E943013A8A25700BCD3F8 /* creatures.hpp */,
			);
			name = creatures;
			sourceTree = "<group>";
		};
		1211391513C7459700C7C9F1 /* features */ = {
			isa = PBXGroup;
			children = (
				129E944A13A8A25700BCD3F8 /* house.h */,
				129E944B13A8A25700BCD3F8 /* house.hpp */,
				129E94B513A8A25800BCD3F8 /* town.h */,
				129E94B613A8A25800BCD3F8 /* town.hpp */,
				129E94BD13A8A25800BCD3F8 /* waypoints.h */,
				129E94BE13A8A25800BCD3F8 /* waypoints.hpp */,
			);
			name = features;
			sourceTree = "<group>";
		};
		1211391613C745C200C7C9F1 /* structure */ = {
			isa = PBXGroup;
			children = (
				129E947113A8A25800BCD3F8 /* map_region.h */,
				129E947213A8A25800BCD3F8 /* map_region.hpp */,
				129E946C13A8A25800BCD3F8 /* map_allocator.h */,
				129E947713A8A25800BCD3F8 /* map.h */,
				129E947813A8A25800BCD3F8 /* map.hpp */,
				129E949313A8A25800BCD3F8 /* position.h */,
				129E94B113A8A25800BCD3F8 /* tile.h */,
				129E94B213A8A25800BCD3F8 /* tile.hpp */,
				129E941813A8A25700BCD3F8 /* basemap.h */,
				129E941913A8A25700BCD3F8 /* basemap.hpp */,
			);
			name = structure;
			sourceTree = "<group>";
		};
		1211391713C7463A00C7C9F1 /* io */ = {
			isa = PBXGroup;
			children = (
				129E944C13A8A25700BCD3F8 /* iomap_otbm.h */,
				129E944D13A8A25800BCD3F8 /* iomap_otbm.hpp */,
				129E944E13A8A25800BCD3F8 /* iomap_otmm.h */,
				129E944F13A8A25800BCD3F8 /* iomap_otmm.hpp */,
				129E945013A8A25800BCD3F8 /* iomap.h */,
				129E945113A8A25800BCD3F8 /* iomap.hpp */,
			);
			name = io;
			sourceTree = "<group>";
		};
		1211391813C7466300C7C9F1 /* palettes */ = {
			isa = PBXGroup;
			children = (
				129E948513A8A25800BCD3F8 /* palette_brushlist.h */,
				129E948613A8A25800BCD3F8 /* palette_brushlist.hpp */,
				129E948713A8A25800BCD3F8 /* palette_common.h */,
				129E948813A8A25800BCD3F8 /* palette_common.hpp */,
				129E948913A8A25800BCD3F8 /* palette_creature.h */,
				129E948A13A8A25800BCD3F8 /* palette_creature.hpp */,
				129E948B13A8A25800BCD3F8 /* palette_house.h */,
				129E948C13A8A25800BCD3F8 /* palette_house.hpp */,
				129E948D13A8A25800BCD3F8 /* palette_waypoints.h */,
				129E948E13A8A25800BCD3F8 /* palette_waypoints.hpp */,
				129E948F13A8A25800BCD3F8 /* palette_window.h */,
				129E949013A8A25800BCD3F8 /* palette_window.hpp */,
			);
			name = palettes;
			sourceTree = "<group>";
		};
		129E93E613A8A22500BCD3F8 = {
			isa = PBXGroup;
			children = (
				129E93FB13A8A22500BCD3F8 /* Remere's Map Editor */,
				129E93F413A8A22500BCD3F8 /* Frameworks */,
				129E93F213A8A22500BCD3F8 /* Products */,
			);
			sourceTree = "<group>";
		};
		129E93F213A8A22500BCD3F8 /* Products */ = {
			isa = PBXGroup;
			children = (
				129E93F113A8A22500BCD3F8 /* Remere's Map Editor.app */,
			);
			name = Products;
			sourceTree = "<group>";
		};
		129E93F413A8A22500BCD3F8 /* Frameworks */ = {
			isa = PBXGroup;
			children = (
				12DEC47D13C754F400E0B3FA /* libxml2.dylib */,
				12DEC47B13C754E700E0B3FA /* AGL.framework */,
				129E93F513A8A22500BCD3F8 /* Cocoa.framework */,
				129E93F713A8A22500BCD3F8 /* Other Frameworks */,
			);
			name = Frameworks;
			sourceTree = "<group>";
		};
		129E93F713A8A22500BCD3F8 /* Other Frameworks */ = {
			isa = PBXGroup;
			children = (
				129E93F813A8A22500BCD3F8 /* AppKit.framework */,
				129E93F913A8A22500BCD3F8 /* CoreData.framework */,
				129E93FA13A8A22500BCD3F8 /* Foundation.framework */,
			);
			name = "Other Frameworks";
			sourceTree = "<group>";
		};
		129E93FB13A8A22500BCD3F8 /* Remere's Map Editor */ = {
			isa = PBXGroup;
			children = (
				129E94CC13A8A30500BCD3F8 /* live */,
				129E94CB13A8A2ED00BCD3F8 /* graphics */,
				129E94CA13A8A29800BCD3F8 /* map */,
				129E94C713A8A26400BCD3F8 /* editor */,
				129E94C613A8A26200BCD3F8 /* gui */,
				129E94C513A8A25E00BCD3F8 /* core */,
				129E945813A8A25800BCD3F8 /* json */,
				129E945913A8A25800BCD3F8 /* json.h */,
				129E94A013A8A25800BCD3F8 /* rme-install */,
				129E93FC13A8A22500BCD3F8 /* Supporting Files */,
			);
			path = "Remere's Map Editor";
			sourceTree = "<group>";
		};
		129E93FC13A8A22500BCD3F8 /* Supporting Files */ = {
			isa = PBXGroup;
			children = (
				129E93FD13A8A22500BCD3F8 /* Remere's Map Editor-Info.plist */,
				129E93FE13A8A22500BCD3F8 /* InfoPlist.strings */,
				129E940113A8A22500BCD3F8 /* Remere's Map Editor-Prefix.pch */,
				129E940413A8A22500BCD3F8 /* Credits.rtf */,
			);
			name = "Supporting Files";
			sourceTree = "<group>";
		};
		129E94C513A8A25E00BCD3F8 /* core */ = {
			isa = PBXGroup;
			children = (
				129E94A313A8A25800BCD3F8 /* settings.h */,
				129E94A413A8A25800BCD3F8 /* settings.hpp */,
				129E943513A8A25700BCD3F8 /* definitions.h */,
				129E942413A8A25700BCD3F8 /* common.h */,
				129E942513A8A25700BCD3F8 /* common.hpp */,
				129E942813A8A25700BCD3F8 /* con_vector.h */,
				129E943D13A8A25700BCD3F8 /* filehandle.h */,
				129E943E13A8A25700BCD3F8 /* filehandle.hpp */,
				129E947E13A8A25800BCD3F8 /* mt_rand.h */,
				129E947F13A8A25800BCD3F8 /* mt_rand.hpp */,
				129E947D13A8A25800BCD3F8 /* mkpch.cpp */,
				129E946913A8A25800BCD3F8 /* main.cpp */,
				129E946A13A8A25800BCD3F8 /* main.h */,
				129E949113A8A25800BCD3F8 /* pngfiles.cpp */,
				129E949213A8A25800BCD3F8 /* pngfiles.h */,
				129E94B013A8A25800BCD3F8 /* threads.h */,
				129E949613A8A25800BCD3F8 /* process_com.h */,
				129E949713A8A25800BCD3F8 /* process_com.hpp */,
			);
			name = core;
			sourceTree = "<group>";
		};
		129E94C613A8A26200BCD3F8 /* gui */ = {
			isa = PBXGroup;
			children = (
				12DEC47913C74BC600E0B3FA /* windows */,
				129E94C813A8A27C00BCD3F8 /* dialogs */,
				1211391813C7466300C7C9F1 /* palettes */,
				129E94CD13A8A33600BCD3F8 /* map view */,
				129E948213A8A25800BCD3F8 /* numbertextctrl.h */,
				129E948313A8A25800BCD3F8 /* numbertextctrl.hpp */,
				129E944313A8A25700BCD3F8 /* gui_ids.h */,
				129E944413A8A25700BCD3F8 /* gui.h */,
				129E944513A8A25700BCD3F8 /* gui.hpp */,
				129E941613A8A25700BCD3F8 /* application.h */,
				129E941713A8A25700BCD3F8 /* application.hpp */,
				129E946713A8A25800BCD3F8 /* main_menubar.h */,
				129E946813A8A25800BCD3F8 /* main_menubar.hpp */,
			);
			name = gui;
			sourceTree = "<group>";
		};
		129E94C713A8A26400BCD3F8 /* editor */ = {
			isa = PBXGroup;
			children = (
				129E94C913A8A28700BCD3F8 /* brushes */,
				12DEC47A13C74C9400E0B3FA /* templates */,
				129E947913A8A25800BCD3F8 /* materials.h */,
				129E947A13A8A25800BCD3F8 /* materials.hpp */,
				129E941413A8A25700BCD3F8 /* action.h */,
				129E941513A8A25700BCD3F8 /* action.hpp */,
				129E942013A8A25700BCD3F8 /* client_version.h */,
				129E942113A8A25700BCD3F8 /* client_version.hpp */,
				129E942913A8A25700BCD3F8 /* copybuffer.h */,
				129E942A13A8A25700BCD3F8 /* copybuffer.hpp */,
				129E943A13A8A25700BCD3F8 /* editor.h */,
				129E943B13A8A25700BCD3F8 /* editor.hpp */,
				129E94A113A8A25800BCD3F8 /* selection.h */,
				129E94A213A8A25800BCD3F8 /* selection.hpp */,
				129E94B313A8A25800BCD3F8 /* tileset.h */,
				129E94B413A8A25800BCD3F8 /* tileset.hpp */,
			);
			name = editor;
			sourceTree = "<group>";
		};
		129E94C813A8A27C00BCD3F8 /* dialogs */ = {
			isa = PBXGroup;
			children = (
				129E949413A8A25800BCD3F8 /* preferences.h */,
				129E949513A8A25800BCD3F8 /* preferences.hpp */,
				129E949813A8A25800BCD3F8 /* properties_window.h */,
				129E949913A8A25800BCD3F8 /* properties_window.hpp */,
				129E941213A8A25700BCD3F8 /* about_window.h */,
				129E943313A8A25700BCD3F8 /* dcbutton.h */,
				129E943413A8A25700BCD3F8 /* dcbutton.hpp */,
				129E941313A8A25700BCD3F8 /* about_window.hpp */,
				129E943113A8A25700BCD3F8 /* dat_debug_view.h */,
				129E943213A8A25700BCD3F8 /* dat_debug_view.hpp */,
				129E942213A8A25700BCD3F8 /* common_windows.h */,
				129E942313A8A25700BCD3F8 /* common_windows.hpp */,
			);
			name = dialogs;
			sourceTree = "<group>";
		};
		129E94C913A8A28700BCD3F8 /* brushes */ = {
			isa = PBXGroup;
			children = (
				129E949A13A8A25800BCD3F8 /* raw_brush.h */,
				129E949B13A8A25800BCD3F8 /* raw_brush.hpp */,
				129E94B913A8A25800BCD3F8 /* wall_brush.h */,
				129E94BA13A8A25800BCD3F8 /* wall_brush.hpp */,
				129E941C13A8A25700BCD3F8 /* brush.h */,
				129E941D13A8A25700BCD3F8 /* brush.hpp */,
				129E942B13A8A25700BCD3F8 /* creature_brush.h */,
				129E942C13A8A25700BCD3F8 /* creature_brush.hpp */,
				129E943613A8A25700BCD3F8 /* doodad_brush.h */,
				129E943713A8A25700BCD3F8 /* doodad_brush.hpp */,
				129E941A13A8A25700BCD3F8 /* brush_enums.h */,
				129E941B13A8A25700BCD3F8 /* brush_tables.hpp */,
				129E941E13A8A25700BCD3F8 /* carpet_brush.h */,
				129E941F13A8A25700BCD3F8 /* carpet_brush.hpp */,
				129E943C13A8A25700BCD3F8 /* eraser_brush.hpp */,
				129E944113A8A25700BCD3F8 /* ground_brush.h */,
				129E944213A8A25700BCD3F8 /* ground_brush.hpp */,
				129E944613A8A25700BCD3F8 /* house_brush.h */,
				129E944713A8A25700BCD3F8 /* house_brush.hpp */,
				129E944813A8A25700BCD3F8 /* house_exit_brush.h */,
				129E944913A8A25700BCD3F8 /* house_exit_brush.hpp */,
				129E94A513A8A25800BCD3F8 /* spawn_brush.h */,
				129E94A613A8A25800BCD3F8 /* spawn_brush.hpp */,
				129E94AA13A8A25800BCD3F8 /* table_brush.h */,
				129E94AB13A8A25800BCD3F8 /* table_brush.hpp */,
				129E94BB13A8A25800BCD3F8 /* waypoint_brush.h */,
				129E94BC13A8A25800BCD3F8 /* waypoint_brush.hpp */,
			);
			name = brushes;
			sourceTree = "<group>";
		};
		129E94CA13A8A29800BCD3F8 /* map */ = {
			isa = PBXGroup;
			children = (
				1211391513C7459700C7C9F1 /* features */,
				1211391413C7455A00C7C9F1 /* creatures */,
				1211391313C7453100C7C9F1 /* item */,
				1211391713C7463A00C7C9F1 /* io */,
				1211391613C745C200C7C9F1 /* structure */,
			);
			name = map;
			sourceTree = "<group>";
		};
		129E94CB13A8A2ED00BCD3F8 /* graphics */ = {
			isa = PBXGroup;
			children = (
				129E94A913A8A25800BCD3F8 /* sprites.h */,
				129E943F13A8A25700BCD3F8 /* graphics.h */,
				129E944013A8A25700BCD3F8 /* graphics.hpp */,
			);
			name = graphics;
			sourceTree = "<group>";
		};
		129E94CC13A8A30500BCD3F8 /* live */ = {
			isa = PBXGroup;
			children = (
				129E949E13A8A25800BCD3F8 /* rme_net.h */,
				129E949F13A8A25800BCD3F8 /* rme_net.hpp */,
				129E948013A8A25800BCD3F8 /* net_connection.h */,
				129E948113A8A25800BCD3F8 /* net_connection.hpp */,
				129E94B713A8A25800BCD3F8 /* updater.h */,
				129E94B813A8A25800BCD3F8 /* updater.hpp */,
				129E945A13A8A25800BCD3F8 /* live_action.h */,
				129E945B13A8A25800BCD3F8 /* live_action.hpp */,
				129E945C13A8A25800BCD3F8 /* live_client.h */,
				129E945D13A8A25800BCD3F8 /* live_client.hpp */,
				129E945E13A8A25800BCD3F8 /* live_packets.h */,
				129E945F13A8A25800BCD3F8 /* live_peer.h */,
				129E946013A8A25800BCD3F8 /* live_peer.hpp */,
				129E946113A8A25800BCD3F8 /* live_server.h */,
				129E946213A8A25800BCD3F8 /* live_server.hpp */,
				129E946313A8A25800BCD3F8 /* live_socket.h */,
				129E946413A8A25800BCD3F8 /* live_socket.hpp */,
				129E946513A8A25800BCD3F8 /* live_tab.h */,
				129E946613A8A25800BCD3F8 /* live_tab.hpp */,
			);
			name = live;
			sourceTree = "<group>";
		};
		129E94CD13A8A33600BCD3F8 /* map view */ = {
			isa = PBXGroup;
			children = (
				129E946D13A8A25800BCD3F8 /* map_display.h */,
				129E946E13A8A25800BCD3F8 /* map_display.hpp */,
				129E946F13A8A25800BCD3F8 /* map_drawer.h */,
				129E947013A8A25800BCD3F8 /* map_drawer.hpp */,
				129E947313A8A25800BCD3F8 /* map_tab.h */,
				129E947413A8A25800BCD3F8 /* map_tab.hpp */,
				129E947513A8A25800BCD3F8 /* map_window.h */,
				129E947613A8A25800BCD3F8 /* map_window.hpp */,
				129E943813A8A25700BCD3F8 /* editor_tabs.h */,
				129E943913A8A25700BCD3F8 /* editor_tabs.hpp */,
			);
			name = "map view";
			sourceTree = "<group>";
		};
		12DEC47913C74BC600E0B3FA /* windows */ = {
			isa = PBXGroup;
			children = (
				129E947B13A8A25800BCD3F8 /* minimap_window.h */,
				129E947C13A8A25800BCD3F8 /* minimap_window.hpp */,
				129E949C13A8A25800BCD3F8 /* result_window.h */,
				129E949D13A8A25800BCD3F8 /* result_window.hpp */,
			);
			name = windows;
			sourceTree = "<group>";
		};
		12DEC47A13C74C9400E0B3FA /* templates */ = {
			isa = PBXGroup;
			children = (
				129E94AC13A8A25800BCD3F8 /* templatemap76-74.hpp */,
				129E94AD13A8A25800BCD3F8 /* templatemap81.hpp */,
				129E94AE13A8A25800BCD3F8 /* templatemap854.hpp */,
				129E94AF13A8A25800BCD3F8 /* templates.h */,
			);
			name = templates;
			sourceTree = "<group>";
		};
/* End PBXGroup section */

/* Begin PBXNativeTarget section */
		129E93F013A8A22500BCD3F8 /* Remere's Map Editor */ = {
			isa = PBXNativeTarget;
			buildConfigurationList = 129E940F13A8A22500BCD3F8 /* Build configuration list for PBXNativeTarget "Remere's Map Editor" */;
			buildPhases = (
				129E93ED13A8A22500BCD3F8 /* Sources */,
				129E93EE13A8A22500BCD3F8 /* Frameworks */,
				129E93EF13A8A22500BCD3F8 /* Resources */,
			);
			buildRules = (
			);
			dependencies = (
			);
			name = "Remere's Map Editor";
			productName = "Remere's Map Editor";
			productReference = 129E93F113A8A22500BCD3F8 /* Remere's Map Editor.app */;
			productType = "com.apple.product-type.application";
		};
/* End PBXNativeTarget section */

/* Begin PBXProject section */
		129E93E813A8A22500BCD3F8 /* Project object */ = {
			isa = PBXProject;
			attributes = {
				ORGANIZATIONNAME = None;
			};
			buildConfigurationList = 129E93EB13A8A22500BCD3F8 /* Build configuration list for PBXProject "Remere's Map Editor" */;
			compatibilityVersion = "Xcode 3.2";
			developmentRegion = English;
			hasScannedForEncodings = 0;
			knownRegions = (
				en,
			);
			mainGroup = 129E93E613A8A22500BCD3F8;
			productRefGroup = 129E93F213A8A22500BCD3F8 /* Products */;
			projectDirPath = "";
			projectRoot = "";
			targets = (
				129E93F013A8A22500BCD3F8 /* Remere's Map Editor */,
			);
		};
/* End PBXProject section */

/* Begin PBXResourcesBuildPhase section */
		129E93EF13A8A22500BCD3F8 /* Resources */ = {
			isa = PBXResourcesBuildPhase;
			buildActionMask = 2147483647;
			files = (
				129E940013A8A22500BCD3F8 /* InfoPlist.strings in Resources */,
				129E940613A8A22500BCD3F8 /* Credits.rtf in Resources */,
				129E94BF13A8A25900BCD3F8 /* json in Resources */,
				129E94C413A8A25900BCD3F8 /* rme-install in Resources */,
			);
			runOnlyForDeploymentPostprocessing = 0;
		};
/* End PBXResourcesBuildPhase section */

/* Begin PBXSourcesBuildPhase section */
		129E93ED13A8A22500BCD3F8 /* Sources */ = {
			isa = PBXSourcesBuildPhase;
			buildActionMask = 2147483647;
			files = (
				129E94C013A8A25900BCD3F8 /* main.cpp in Sources */,
				129E94C213A8A25900BCD3F8 /* mkpch.cpp in Sources */,
				129E94C313A8A25900BCD3F8 /* pngfiles.cpp in Sources */,
			);
			runOnlyForDeploymentPostprocessing = 0;
		};
/* End PBXSourcesBuildPhase section */

/* Begin PBXVariantGroup section */
		129E93FE13A8A22500BCD3F8 /* InfoPlist.strings */ = {
			isa = PBXVariantGroup;
			children = (
				129E93FF13A8A22500BCD3F8 /* en */,
			);
			name = InfoPlist.strings;
			sourceTree = "<group>";
		};
		129E940413A8A22500BCD3F8 /* Credits.rtf */ = {
			isa = PBXVariantGroup;
			children = (
				129E940513A8A22500BCD3F8 /* en */,
			);
			name = Credits.rtf;
			sourceTree = "<group>";
		};
/* End PBXVariantGroup section */

/* Begin XCBuildConfiguration section */
		129E940D13A8A22500BCD3F8 /* Debug */ = {
			isa = XCBuildConfiguration;
			buildSettings = {
				ARCHS = "$(ARCHS_STANDARD_32_64_BIT)";
				GCC_C_LANGUAGE_STANDARD = gnu99;
				GCC_OPTIMIZATION_LEVEL = 0;
				GCC_PREPROCESSOR_DEFINITIONS = DEBUG;
				GCC_SYMBOLS_PRIVATE_EXTERN = NO;
				GCC_VERSION = com.apple.compilers.llvm.clang.1_0;
				GCC_WARN_64_TO_32_BIT_CONVERSION = YES;
				GCC_WARN_ABOUT_RETURN_TYPE = YES;
				GCC_WARN_UNUSED_VARIABLE = YES;
				MACOSX_DEPLOYMENT_TARGET = 10.6;
				ONLY_ACTIVE_ARCH = YES;
				SDKROOT = macosx;
			};
			name = Debug;
		};
		129E940E13A8A22500BCD3F8 /* Release */ = {
			isa = XCBuildConfiguration;
			buildSettings = {
				ARCHS = "$(ARCHS_STANDARD_32_64_BIT)";
				GCC_C_LANGUAGE_STANDARD = gnu99;
				GCC_VERSION = com.apple.compilers.llvm.clang.1_0;
				GCC_WARN_64_TO_32_BIT_CONVERSION = YES;
				GCC_WARN_ABOUT_RETURN_TYPE = YES;
				GCC_WARN_UNUSED_VARIABLE = YES;
				MACOSX_DEPLOYMENT_TARGET = 10.6;
				SDKROOT = macosx;
			};
			name = Release;
		};
		129E941013A8A22500BCD3F8 /* Debug */ = {
			isa = XCBuildConfiguration;
			buildSettings = {
				ALWAYS_SEARCH_USER_PATHS = NO;
				ARCHS = "$(ARCHS_STANDARD_32_BIT)";
				COPY_PHASE_STRIP = NO;
				GCC_DYNAMIC_NO_PIC = NO;
				GCC_ENABLE_OBJC_EXCEPTIONS = YES;
				GCC_PRECOMPILE_PREFIX_HEADER = YES;
				GCC_PREFIX_HEADER = "Remere's Map Editor/Remere's Map Editor-Prefix.pch";
				GCC_PREPROCESSOR_DEFINITIONS = (
					DEBUG,
					__DEBUG__,
				);
				HEADER_SEARCH_PATHS = (
					"/Users/hjn/lib/wxMac-2.8.12/build-debug/lib/wx/include/mac-unicode-debug-static-2.8",
					/Users/hjn/include,
					/usr/include/libxml2,
					"/Users/hjn/lib/wxMac-2.8.12/include",
				);
				INFOPLIST_FILE = "Remere's Map Editor/Remere's Map Editor-Info.plist";
				LIBRARY_SEARCH_PATHS = (
					"/Users/hjn/lib/wxMac-2.8.12/build-debug/lib",
					/Users/hjn/lib,
				);
				OTHER_CFLAGS = (
					"-D_FILE_OFFSET_BITS=64",
					"-D_LARGE_FILES",
					"-D__WXDEBUG__",
					"-D__WXMAC__",
				);
				OTHER_LDFLAGS = (
					"-arch",
					i386,
					"-framework",
					IOKit,
					"-framework",
					Carbon,
					"-framework",
					Cocoa,
					"-framework",
					System,
					"-framework",
					QuickTime,
					"-framework",
					OpenGL,
					"-framework",
					AGL,
					"-lwx_macud_richtext-2.8",
					"-lwx_macud_aui-2.8",
					"-lwx_macud_xrc-2.8",
					"-lwx_macud_qa-2.8",
					"-lwx_macud_html-2.8",
					"-lwx_macud_adv-2.8",
					"-lwx_macud_core-2.8",
					"-lwx_base_carbonud_xml-2.8",
					"-lwx_base_carbonud_net-2.8",
					"-lwx_base_carbonud-2.8",
					"-framework",
					WebKit,
					"-lexpat",
					"-lwxregexud-2.8",
					"-lwxtiffd-2.8",
					"-lwxjpegd-2.8",
					"-lwxpngd-2.8",
					"-lz",
					"-lpthread",
					"-liconv",
					"-lwx_macud_gl-2.8",
				);
				PRODUCT_NAME = "$(TARGET_NAME)";
				VALID_ARCHS = i386;
				WRAPPER_EXTENSION = app;
			};
			name = Debug;
		};
		129E941113A8A22500BCD3F8 /* Release */ = {
			isa = XCBuildConfiguration;
			buildSettings = {
				ALWAYS_SEARCH_USER_PATHS = NO;
				ARCHS = "$(ARCHS_STANDARD_32_BIT)";
				COPY_PHASE_STRIP = YES;
				DEBUG_INFORMATION_FORMAT = "dwarf-with-dsym";
				GCC_ENABLE_OBJC_EXCEPTIONS = YES;
				GCC_PRECOMPILE_PREFIX_HEADER = YES;
				GCC_PREFIX_HEADER = "Remere's Map Editor/Remere's Map Editor-Prefix.pch";
				GCC_PREPROCESSOR_DEFINITIONS = NDEBUG;
				HEADER_SEARCH_PATHS = (
					"/Users/hjn/lib/wxMac-2.8.12/build-release/lib/wx/include/mac-unicode-release-static-2.8",
					/Users/hjn/include,
					/usr/include/libxml2,
					"/Users/hjn/lib/wxMac-2.8.12/include",
				);
				INFOPLIST_FILE = "Remere's Map Editor/Remere's Map Editor-Info.plist";
				LIBRARY_SEARCH_PATHS = (
					"/Users/hjn/lib/wxMac-2.8.12/build-release/lib",
					/Users/hjn/lib,
				);
				OTHER_CFLAGS = (
					"-D_FILE_OFFSET_BITS=64",
					"-D_LARGE_FILES",
					"-D__WXDEBUG__",
					"-D__WXMAC__",
				);
				OTHER_LDFLAGS = (
					"-arch",
					i386,
					"-framework",
					IOKit,
					"-framework",
					Carbon,
					"-framework",
					Cocoa,
					"-framework",
					System,
					"-framework",
					QuickTime,
					"-framework",
					OpenGL,
					"-framework",
					AGL,
					"-lwx_macu_richtext-2.8",
					"-lwx_macu_aui-2.8",
					"-lwx_macu_xrc-2.8",
					"-lwx_macu_qa-2.8",
					"-lwx_macu_html-2.8",
					"-lwx_macu_adv-2.8",
					"-lwx_macu_core-2.8",
					"-lwx_base_carbonu_xml-2.8",
					"-lwx_base_carbonu_net-2.8",
					"-lwx_base_carbonu-2.8",
					"-framework",
					WebKit,
					"-lexpat",
					"-lwxregexu-2.8",
					"-lwxtiff-2.8",
					"-lwxjpeg-2.8",
					"-lwxpng-2.8",
					"-lz",
					"-lpthread",
					"-liconv",
					"-lwx_macu_gl-2.8",
				);
				PRODUCT_NAME = "$(TARGET_NAME)";
				VALID_ARCHS = i386;
				WRAPPER_EXTENSION = app;
			};
			name = Release;
		};
/* End XCBuildConfiguration section */

/* Begin XCConfigurationList section */
		129E93EB13A8A22500BCD3F8 /* Build configuration list for PBXProject "Remere's Map Editor" */ = {
			isa = XCConfigurationList;
			buildConfigurations = (
				129E940D13A8A22500BCD3F8 /* Debug */,
				129E940E13A8A22500BCD3F8 /* Release */,
			);
			defaultConfigurationIsVisible = 0;
			defaultConfigurationName = Release;
		};
		129E940F13A8A22500BCD3F8 /* Build configuration list for PBXNativeTarget "Remere's Map Editor" */ = {
			isa = XCConfigurationList;
			buildConfigurations = (
				129E941013A8A22500BCD3F8 /* Debug */,
				129E941113A8A22500BCD3F8 /* Release */,
			);
			defaultConfigurationIsVisible = 0;
			defaultConfigurationName = Release;
		};
/* End XCConfigurationList section */
	};
	rootObject = 129E93E813A8A22500BCD3F8 /* Project object */;
}
