<?xml version="1.0" encoding="utf-8"?>
<Project ToolsVersion="4.0" xmlns="http://schemas.microsoft.com/developer/msbuild/2003">
  <ItemGroup>
    <Filter Include="common">
      <UniqueIdentifier>{36c9f3e9-0346-426b-976c-14a472c01a93}</UniqueIdentifier>
    </Filter>
    <Filter Include="editor">
      <UniqueIdentifier>{a82f2533-e188-43a1-ac5b-b1df510dd6f1}</UniqueIdentifier>
    </Filter>
    <Filter Include="editor\brushes">
      <UniqueIdentifier>{d223bab0-0cb4-4527-81e4-0c4f57103321}</UniqueIdentifier>
    </Filter>
    <Filter Include="editor\io">
      <UniqueIdentifier>{a720d52e-535a-4ff4-bec1-22d2759dbf38}</UniqueIdentifier>
    </Filter>
    <Filter Include="gui">
      <UniqueIdentifier>{0cde07af-af94-45e2-835e-08050e01aa12}</UniqueIdentifier>
    </Filter>
    <Filter Include="gui\controls">
      <UniqueIdentifier>{346cd898-254a-49be-b31c-6c1fbccd71cd}</UniqueIdentifier>
    </Filter>
    <Filter Include="gui\dialogs">
      <UniqueIdentifier>{0ceb558e-6637-444e-908a-73018678d05e}</UniqueIdentifier>
    </Filter>
    <Filter Include="gui\graphics">
      <UniqueIdentifier>{6ea05490-c25b-4fed-b92b-b38d750431c2}</UniqueIdentifier>
    </Filter>
    <Filter Include="gui\map window">
      <UniqueIdentifier>{dab9c9fe-8368-4d72-ade9-2e601597bd38}</UniqueIdentifier>
    </Filter>
    <Filter Include="gui\palette">
      <UniqueIdentifier>{1e2eb3db-ae1f-4c1a-91b1-02a38b980e34}</UniqueIdentifier>
    </Filter>
    <Filter Include="live">
      <UniqueIdentifier>{3c2a64b5-bce7-48f5-b3e4-81cca5b7c153}</UniqueIdentifier>
    </Filter>
    <Filter Include="managers">
      <UniqueIdentifier>{36763409-2fe7-4482-9863-3e17d4deb599}</UniqueIdentifier>
    </Filter>
    <Filter Include="managers\templates">
      <UniqueIdentifier>{0e11270a-3f6c-4af2-8862-67490845912b}</UniqueIdentifier>
    </Filter>
    <Filter Include="objects">
      <UniqueIdentifier>{a643de00-a65c-4c43-a3be-abba8208e654}</UniqueIdentifier>
    </Filter>
    <Filter Include="resources">
      <UniqueIdentifier>{67DA6AB6-F800-4c08-8B7A-83BB121AAD01}</UniqueIdentifier>
      <Extensions>rc;ico;cur;bmp;dlg;rc2;rct;bin;rgs;gif;jpg;jpeg;jpe;resx;tiff;tif;png;wav</Extensions>
    </Filter>
    <Filter Include="json">
      <UniqueIdentifier>{053b3f61-2179-4de8-9730-6c7f10063023}</UniqueIdentifier>
    </Filter>
  </ItemGroup>
  <ItemGroup>
    <ClInclude Include="..\..\source\about_window.h">
      <Filter>gui\dialogs</Filter>
    </ClInclude>
    <ClInclude Include="..\..\source\action.h">
      <Filter>editor</Filter>
    </ClInclude>
    <ClInclude Include="..\..\source\application.h">
      <Filter>gui</Filter>
    </ClInclude>
    <ClInclude Include="..\..\source\basemap.h">
      <Filter>objects</Filter>
    </ClInclude>
    <ClInclude Include="..\..\source\brush.h">
      <Filter>editor\brushes</Filter>
    </ClInclude>
    <ClInclude Include="..\..\source\brush_enums.h">
      <Filter>editor\brushes</Filter>
    </ClInclude>
    <ClInclude Include="..\..\source\client_version.h">
      <Filter>managers</Filter>
    </ClInclude>
    <ClInclude Include="..\..\source\common.h">
      <Filter>common</Filter>
    </ClInclude>
    <ClInclude Include="..\..\source\common_windows.h">
      <Filter>gui\dialogs</Filter>
    </ClInclude>
    <ClInclude Include="..\..\source\complexitem.h">
      <Filter>objects</Filter>
    </ClInclude>
    <ClInclude Include="..\..\source\con_vector.h">
      <Filter>common</Filter>
    </ClInclude>
    <ClInclude Include="..\..\source\copybuffer.h">
      <Filter>editor</Filter>
    </ClInclude>
    <ClInclude Include="..\..\source\creature.h">
      <Filter>objects</Filter>
    </ClInclude>
    <ClInclude Include="..\..\source\creatures.h">
      <Filter>managers</Filter>
    </ClInclude>
    <ClInclude Include="..\..\source\dcbutton.h">
      <Filter>gui\controls</Filter>
    </ClInclude>
    <ClInclude Include="..\..\source\definitions.h">
      <Filter>common</Filter>
    </ClInclude>
    <ClInclude Include="..\..\source\editor.h">
      <Filter>editor</Filter>
    </ClInclude>
    <ClInclude Include="..\..\source\editor_tabs.h">
      <Filter>gui\map window</Filter>
    </ClInclude>
    <ClInclude Include="..\..\source\filehandle.h">
      <Filter>common</Filter>
    </ClInclude>
    <ClInclude Include="..\..\source\graphics.h">
      <Filter>gui\graphics</Filter>
    </ClInclude>
    <ClInclude Include="..\..\source\gui.h">
      <Filter>gui</Filter>
    </ClInclude>
    <ClInclude Include="..\..\source\gui_ids.h">
      <Filter>gui</Filter>
    </ClInclude>
    <ClInclude Include="..\..\source\house.h">
      <Filter>objects</Filter>
    </ClInclude>
    <ClInclude Include="..\..\source\iomap.h">
      <Filter>editor\io</Filter>
    </ClInclude>
    <ClInclude Include="..\..\source\iomap_otbm.h">
      <Filter>editor\io</Filter>
    </ClInclude>
    <ClInclude Include="..\..\source\item.h">
      <Filter>objects</Filter>
    </ClInclude>
    <ClInclude Include="..\..\source\items.h">
      <Filter>managers</Filter>
    </ClInclude>
    <ClInclude Include="..\..\source\item_attributes.h">
      <Filter>objects</Filter>
    </ClInclude>
    <ClInclude Include="..\..\source\json.h">
      <Filter>json</Filter>
    </ClInclude>
    <ClInclude Include="..\..\source\json\json_spirit.h">
      <Filter>json</Filter>
    </ClInclude>
    <ClInclude Include="..\..\source\json\json_spirit_error_position.h">
      <Filter>json</Filter>
    </ClInclude>
    <ClInclude Include="..\..\source\json\json_spirit_reader.h">
      <Filter>json</Filter>
    </ClInclude>
    <ClInclude Include="..\..\source\json\json_spirit_reader_template.h">
      <Filter>json</Filter>
    </ClInclude>
    <ClInclude Include="..\..\source\json\json_spirit_stream_reader.h">
      <Filter>json</Filter>
    </ClInclude>
    <ClInclude Include="..\..\source\json\json_spirit_utils.h">
      <Filter>json</Filter>
    </ClInclude>
    <ClInclude Include="..\..\source\json\json_spirit_value.h">
      <Filter>json</Filter>
    </ClInclude>
    <ClInclude Include="..\..\source\json\json_spirit_writer.h">
      <Filter>json</Filter>
    </ClInclude>
    <ClInclude Include="..\..\source\json\json_spirit_writer_template.h">
      <Filter>json</Filter>
    </ClInclude>
    <ClInclude Include="..\..\source\live_action.h">
      <Filter>live</Filter>
    </ClInclude>
    <ClInclude Include="..\..\source\live_client.h">
      <Filter>live</Filter>
    </ClInclude>
    <ClInclude Include="..\..\source\live_peer.h">
      <Filter>live</Filter>
    </ClInclude>
    <ClInclude Include="..\..\source\live_server.h">
      <Filter>live</Filter>
    </ClInclude>
    <ClInclude Include="..\..\source\live_socket.h">
      <Filter>live</Filter>
    </ClInclude>
    <ClInclude Include="..\..\source\live_tab.h">
      <Filter>live</Filter>
    </ClInclude>
    <ClInclude Include="..\..\source\main.h" />
    <ClInclude Include="..\..\source\main_menubar.h">
      <Filter>gui</Filter>
    </ClInclude>
    <ClInclude Include="..\..\source\map.h">
      <Filter>objects</Filter>
    </ClInclude>
    <ClInclude Include="..\..\source\map_allocator.h">
      <Filter>objects</Filter>
    </ClInclude>
    <ClInclude Include="..\..\source\map_display.h">
      <Filter>gui\map window</Filter>
    </ClInclude>
    <ClInclude Include="..\..\source\map_drawer.h">
      <Filter>gui\map window</Filter>
    </ClInclude>
    <ClInclude Include="..\..\source\map_region.h">
      <Filter>objects</Filter>
    </ClInclude>
    <ClInclude Include="..\..\source\map_tab.h">
      <Filter>gui\map window</Filter>
    </ClInclude>
    <ClInclude Include="..\..\source\map_window.h">
      <Filter>gui\map window</Filter>
    </ClInclude>
    <ClInclude Include="..\..\source\materials.h">
      <Filter>managers</Filter>
    </ClInclude>
    <ClInclude Include="..\..\source\minimap_window.h">
      <Filter>gui\dialogs</Filter>
    </ClInclude>
    <ClInclude Include="..\..\source\mt_rand.h">
      <Filter>common</Filter>
    </ClInclude>
    <ClInclude Include="..\..\source\net_connection.h">
      <Filter>live</Filter>
    </ClInclude>
    <ClInclude Include="..\..\source\outfit.h">
      <Filter>objects</Filter>
    </ClInclude>
    <ClInclude Include="..\..\source\palette_brushlist.h">
      <Filter>gui\palette</Filter>
    </ClInclude>
    <ClInclude Include="..\..\source\palette_common.h">
      <Filter>gui\palette</Filter>
    </ClInclude>
    <ClInclude Include="..\..\source\palette_creature.h">
      <Filter>gui\palette</Filter>
    </ClInclude>
    <ClInclude Include="..\..\source\palette_house.h">
      <Filter>gui\palette</Filter>
    </ClInclude>
    <ClInclude Include="..\..\source\palette_waypoints.h">
      <Filter>gui\palette</Filter>
    </ClInclude>
    <ClInclude Include="..\..\source\palette_window.h">
      <Filter>gui\palette</Filter>
    </ClInclude>
    <ClInclude Include="..\..\source\pngfiles.h" />
    <ClInclude Include="..\..\source\position.h">
      <Filter>objects</Filter>
    </ClInclude>
    <ClInclude Include="..\..\source\preferences.h">
      <Filter>gui\dialogs</Filter>
    </ClInclude>
    <ClInclude Include="..\..\source\process_com.h">
      <Filter>editor</Filter>
    </ClInclude>
    <ClInclude Include="..\..\source\result_window.h">
      <Filter>gui\dialogs</Filter>
    </ClInclude>
    <ClInclude Include="..\..\source\rme_net.h">
      <Filter>live</Filter>
    </ClInclude>
    <ClInclude Include="..\..\source\selection.h">
      <Filter>editor</Filter>
    </ClInclude>
    <ClInclude Include="..\..\source\settings.h">
      <Filter>common</Filter>
    </ClInclude>
    <ClInclude Include="..\..\source\spawn.h">
      <Filter>objects</Filter>
    </ClInclude>
    <ClInclude Include="..\..\source\sprites.h">
      <Filter>gui\graphics</Filter>
    </ClInclude>
    <ClInclude Include="..\..\source\templates.h">
      <Filter>managers\templates</Filter>
    </ClInclude>
    <ClInclude Include="..\..\source\threads.h">
      <Filter>common</Filter>
    </ClInclude>
    <ClInclude Include="..\..\source\tile.h">
      <Filter>objects</Filter>
    </ClInclude>
    <ClInclude Include="..\..\source\tileset.h">
      <Filter>objects</Filter>
    </ClInclude>
    <ClInclude Include="..\..\source\town.h">
      <Filter>objects</Filter>
    </ClInclude>
    <ClInclude Include="..\..\source\updater.h">
      <Filter>editor</Filter>
    </ClInclude>
    <ClInclude Include="..\..\source\waypoints.h">
      <Filter>objects</Filter>
    </ClInclude>
    <ClInclude Include="..\..\source\ground_brush.h">
      <Filter>editor\brushes</Filter>
    </ClInclude>
    <ClInclude Include="..\..\source\wall_brush.h">
      <Filter>editor\brushes</Filter>
    </ClInclude>
    <ClInclude Include="..\..\source\raw_brush.h">
      <Filter>editor\brushes</Filter>
    </ClInclude>
    <ClInclude Include="..\..\source\spawn_brush.h">
      <Filter>editor\brushes</Filter>
    </ClInclude>
    <ClInclude Include="..\..\source\creature_brush.h">
      <Filter>editor\brushes</Filter>
    </ClInclude>
    <ClInclude Include="..\..\source\waypoint_brush.h">
      <Filter>editor\brushes</Filter>
    </ClInclude>
    <ClInclude Include="..\..\source\house_brush.h">
      <Filter>editor\brushes</Filter>
    </ClInclude>
    <ClInclude Include="..\..\source\house_exit_brush.h">
      <Filter>editor\brushes</Filter>
    </ClInclude>
    <ClInclude Include="..\..\source\doodad_brush.h">
      <Filter>editor\brushes</Filter>
    </ClInclude>
    <ClInclude Include="..\..\source\carpet_brush.h">
      <Filter>editor\brushes</Filter>
    </ClInclude>
    <ClInclude Include="..\..\source\table_brush.h">
      <Filter>editor\brushes</Filter>
    </ClInclude>
    <ClInclude Include="..\..\source\dat_debug_view.h">
      <Filter>gui\dialogs</Filter>
    </ClInclude>
    <ClInclude Include="..\..\source\live_packets.h">
      <Filter>live</Filter>
    </ClInclude>
    <ClInclude Include="..\..\source\rme_forward_declarations.h" />
    <ClInclude Include="..\..\source\numbertextctrl.h">
      <Filter>gui\controls</Filter>
    </ClInclude>
    <ClInclude Include="..\..\source\old_properties_window.h">
      <Filter>gui\dialogs</Filter>
    </ClInclude>
    <ClInclude Include="..\..\source\container_properties_window.h">
      <Filter>gui\dialogs</Filter>
    </ClInclude>
    <ClInclude Include="..\..\source\properties_window.h">
      <Filter>gui\dialogs</Filter>
    </ClInclude>
    <ClInclude Include="..\..\source\extension_window.h">
      <Filter>gui\dialogs</Filter>
    </ClInclude>
    <ClInclude Include="..\..\source\extension.h">
      <Filter>editor</Filter>
    </ClInclude>
    <ClInclude Include="..\..\source\pugicast.h" />
    <ClInclude Include="..\..\source\pugiext.h" />
  </ItemGroup>
  <ItemGroup>
    <ClCompile Include="..\..\source\json\json_spirit_reader.cpp">
      <Filter>json</Filter>
    </ClCompile>
    <ClCompile Include="..\..\source\json\json_spirit_value.cpp">
      <Filter>json</Filter>
    </ClCompile>
    <ClCompile Include="..\..\source\json\json_spirit_writer.cpp">
      <Filter>json</Filter>
    </ClCompile>
    <ClCompile Include="..\..\source\mkpch.cpp" />
    <ClCompile Include="..\..\source\pngfiles.cpp" />
    <ClCompile Include="..\..\source\action.cpp">
      <Filter>editor</Filter>
    </ClCompile>
    <ClCompile Include="..\..\source\copybuffer.cpp">
      <Filter>editor</Filter>
    </ClCompile>
    <ClCompile Include="..\..\source\editor.cpp">
      <Filter>editor</Filter>
    </ClCompile>
    <ClCompile Include="..\..\source\process_com.cpp">
      <Filter>editor</Filter>
    </ClCompile>
    <ClCompile Include="..\..\source\selection.cpp">
      <Filter>editor</Filter>
    </ClCompile>
    <ClCompile Include="..\..\source\updater.cpp">
      <Filter>editor</Filter>
    </ClCompile>
    <ClCompile Include="..\..\source\about_window.cpp">
      <Filter>gui\dialogs</Filter>
    </ClCompile>
    <ClCompile Include="..\..\source\common_windows.cpp">
      <Filter>gui\dialogs</Filter>
    </ClCompile>
    <ClCompile Include="..\..\source\dat_debug_view.cpp">
      <Filter>gui\dialogs</Filter>
    </ClCompile>
    <ClCompile Include="..\..\source\minimap_window.cpp">
      <Filter>gui\dialogs</Filter>
    </ClCompile>
    <ClCompile Include="..\..\source\preferences.cpp">
      <Filter>gui\dialogs</Filter>
    </ClCompile>
    <ClCompile Include="..\..\source\result_window.cpp">
      <Filter>gui\dialogs</Filter>
    </ClCompile>
    <ClCompile Include="..\..\source\graphics.cpp">
      <Filter>gui\graphics</Filter>
    </ClCompile>
    <ClCompile Include="..\..\source\editor_tabs.cpp">
      <Filter>gui\map window</Filter>
    </ClCompile>
    <ClCompile Include="..\..\source\map_display.cpp">
      <Filter>gui\map window</Filter>
    </ClCompile>
    <ClCompile Include="..\..\source\map_drawer.cpp">
      <Filter>gui\map window</Filter>
    </ClCompile>
    <ClCompile Include="..\..\source\map_tab.cpp">
      <Filter>gui\map window</Filter>
    </ClCompile>
    <ClCompile Include="..\..\source\map_window.cpp">
      <Filter>gui\map window</Filter>
    </ClCompile>
    <ClCompile Include="..\..\source\common.cpp">
      <Filter>common</Filter>
    </ClCompile>
    <ClCompile Include="..\..\source\filehandle.cpp">
      <Filter>common</Filter>
    </ClCompile>
    <ClCompile Include="..\..\source\mt_rand.cpp">
      <Filter>common</Filter>
    </ClCompile>
    <ClCompile Include="..\..\source\settings.cpp">
      <Filter>common</Filter>
    </ClCompile>
    <ClCompile Include="..\..\source\dcbutton.cpp">
      <Filter>gui\controls</Filter>
    </ClCompile>
    <ClCompile Include="..\..\source\basemap.cpp">
      <Filter>objects</Filter>
    </ClCompile>
    <ClCompile Include="..\..\source\complexitem.cpp">
      <Filter>objects</Filter>
    </ClCompile>
    <ClCompile Include="..\..\source\creature.cpp">
      <Filter>objects</Filter>
    </ClCompile>
    <ClCompile Include="..\..\source\house.cpp">
      <Filter>objects</Filter>
    </ClCompile>
    <ClCompile Include="..\..\source\item.cpp">
      <Filter>objects</Filter>
    </ClCompile>
    <ClCompile Include="..\..\source\item_attributes.cpp">
      <Filter>objects</Filter>
    </ClCompile>
    <ClCompile Include="..\..\source\map.cpp">
      <Filter>objects</Filter>
    </ClCompile>
    <ClCompile Include="..\..\source\map_region.cpp">
      <Filter>objects</Filter>
    </ClCompile>
    <ClCompile Include="..\..\source\spawn.cpp">
      <Filter>objects</Filter>
    </ClCompile>
    <ClCompile Include="..\..\source\tile.cpp">
      <Filter>objects</Filter>
    </ClCompile>
    <ClCompile Include="..\..\source\tileset.cpp">
      <Filter>objects</Filter>
    </ClCompile>
    <ClCompile Include="..\..\source\town.cpp">
      <Filter>objects</Filter>
    </ClCompile>
    <ClCompile Include="..\..\source\waypoints.cpp">
      <Filter>objects</Filter>
    </ClCompile>
    <ClCompile Include="..\..\source\templatemap76-74.cpp">
      <Filter>managers\templates</Filter>
    </ClCompile>
    <ClCompile Include="..\..\source\templatemap81.cpp">
      <Filter>managers\templates</Filter>
    </ClCompile>
    <ClCompile Include="..\..\source\templatemap854.cpp">
      <Filter>managers\templates</Filter>
    </ClCompile>
    <ClCompile Include="..\..\source\client_version.cpp">
      <Filter>managers</Filter>
    </ClCompile>
    <ClCompile Include="..\..\source\creatures.cpp">
      <Filter>managers</Filter>
    </ClCompile>
    <ClCompile Include="..\..\source\items.cpp">
      <Filter>managers</Filter>
    </ClCompile>
    <ClCompile Include="..\..\source\materials.cpp">
      <Filter>managers</Filter>
    </ClCompile>
    <ClCompile Include="..\..\source\rme_net.cpp">
      <Filter>live</Filter>
    </ClCompile>
    <ClCompile Include="..\..\source\net_connection.cpp">
      <Filter>live</Filter>
    </ClCompile>
    <ClCompile Include="..\..\source\live_tab.cpp">
      <Filter>live</Filter>
    </ClCompile>
    <ClCompile Include="..\..\source\live_socket.cpp">
      <Filter>live</Filter>
    </ClCompile>
    <ClCompile Include="..\..\source\live_server.cpp">
      <Filter>live</Filter>
    </ClCompile>
    <ClCompile Include="..\..\source\live_peer.cpp">
      <Filter>live</Filter>
    </ClCompile>
    <ClCompile Include="..\..\source\live_client.cpp">
      <Filter>live</Filter>
    </ClCompile>
    <ClCompile Include="..\..\source\live_action.cpp">
      <Filter>live</Filter>
    </ClCompile>
    <ClCompile Include="..\..\source\main_menubar.cpp">
      <Filter>gui</Filter>
    </ClCompile>
    <ClCompile Include="..\..\source\palette_brushlist.cpp">
      <Filter>gui\palette</Filter>
    </ClCompile>
    <ClCompile Include="..\..\source\palette_common.cpp">
      <Filter>gui\palette</Filter>
    </ClCompile>
    <ClCompile Include="..\..\source\palette_creature.cpp">
      <Filter>gui\palette</Filter>
    </ClCompile>
    <ClCompile Include="..\..\source\palette_house.cpp">
      <Filter>gui\palette</Filter>
    </ClCompile>
    <ClCompile Include="..\..\source\palette_waypoints.cpp">
      <Filter>gui\palette</Filter>
    </ClCompile>
    <ClCompile Include="..\..\source\palette_window.cpp">
      <Filter>gui\palette</Filter>
    </ClCompile>
    <ClCompile Include="..\..\source\application.cpp">
      <Filter>gui</Filter>
    </ClCompile>
    <ClCompile Include="..\..\source\brush.cpp">
      <Filter>editor\brushes</Filter>
    </ClCompile>
    <ClCompile Include="..\..\source\waypoint_brush.cpp">
      <Filter>editor\brushes</Filter>
    </ClCompile>
    <ClCompile Include="..\..\source\wall_brush.cpp">
      <Filter>editor\brushes</Filter>
    </ClCompile>
    <ClCompile Include="..\..\source\spawn_brush.cpp">
      <Filter>editor\brushes</Filter>
    </ClCompile>
    <ClCompile Include="..\..\source\raw_brush.cpp">
      <Filter>editor\brushes</Filter>
    </ClCompile>
    <ClCompile Include="..\..\source\house_exit_brush.cpp">
      <Filter>editor\brushes</Filter>
    </ClCompile>
    <ClCompile Include="..\..\source\house_brush.cpp">
      <Filter>editor\brushes</Filter>
    </ClCompile>
    <ClCompile Include="..\..\source\ground_brush.cpp">
      <Filter>editor\brushes</Filter>
    </ClCompile>
    <ClCompile Include="..\..\source\eraser_brush.cpp">
      <Filter>editor\brushes</Filter>
    </ClCompile>
    <ClCompile Include="..\..\source\doodad_brush.cpp">
      <Filter>editor\brushes</Filter>
    </ClCompile>
    <ClCompile Include="..\..\source\creature_brush.cpp">
      <Filter>editor\brushes</Filter>
    </ClCompile>
    <ClCompile Include="..\..\source\carpet_brush.cpp">
      <Filter>editor\brushes</Filter>
    </ClCompile>
    <ClCompile Include="..\..\source\brush_tables.cpp">
      <Filter>editor\brushes</Filter>
    </ClCompile>
    <ClCompile Include="..\..\source\iomap.cpp">
      <Filter>editor\io</Filter>
    </ClCompile>
    <ClCompile Include="..\..\source\iomap_otbm.cpp">
      <Filter>editor\io</Filter>
    </ClCompile>
    <ClCompile Include="..\..\source\table_brush.cpp">
      <Filter>editor\brushes</Filter>
    </ClCompile>
    <ClCompile Include="..\..\source\numbertextctrl.cpp">
      <Filter>gui\controls</Filter>
    </ClCompile>
    <ClCompile Include="..\..\source\old_properties_window.cpp">
      <Filter>gui\dialogs</Filter>
    </ClCompile>
    <ClCompile Include="..\..\source\container_properties_window.cpp">
      <Filter>gui\dialogs</Filter>
    </ClCompile>
    <ClCompile Include="..\..\source\properties_window.cpp">
      <Filter>gui\dialogs</Filter>
    </ClCompile>
    <ClCompile Include="..\..\source\templatemapclassic.cpp">
      <Filter>managers\templates</Filter>
    </ClCompile>
    <ClCompile Include="..\..\source\gui.cpp">
      <Filter>gui</Filter>
    </ClCompile>
    <ClCompile Include="..\..\source\extension_window.cpp">
      <Filter>gui\dialogs</Filter>
    </ClCompile>
    <ClCompile Include="..\..\source\extension.cpp">
      <Filter>editor</Filter>
    </ClCompile>
  </ItemGroup>
  <ItemGroup>
    <ResourceCompile Include="rme.rc">
      <Filter>resources</Filter>
    </ResourceCompile>
  </ItemGroup>
</Project>